// !$*UTF8*$!
{
	archiveVersion = 1;
	classes = {
	};
	objectVersion = 77;
	objects = {

/* Begin PBXBuildFile section */
		004FEA93C2CC39453B77396B /* SourcesView.swift in Sources */ = {isa = PBXBuildFile; fileRef = 9D61157EE29A0F14F1047111 /* SourcesView.swift */; };
		38F537A45F6133BAC6560CE5 /* PlainDataDocument.swift in Sources */ = {isa = PBXBuildFile; fileRef = 61DBB868E875C6BD24CEA099 /* PlainDataDocument.swift */; };
		4B891030B381AABC680DEB7A /* JamShackApp.swift in Sources */ = {isa = PBXBuildFile; fileRef = D5998490361DA6721A074DBB /* JamShackApp.swift */; };
		565F0AD0D4439E562FFECF4F /* ContentView.swift in Sources */ = {isa = PBXBuildFile; fileRef = 85845D37B71BB8E94BC0A6E4 /* ContentView.swift */; };
		5CBF610F3E1F2E9AEF2F0200 /* AppCore in Frameworks */ = {isa = PBXBuildFile; productRef = 69847B491F4CE42354F05B6F /* AppCore */; };
		68C6FE5177D67E4E3CAC7446 /* ContentView.swift in Sources */ = {isa = PBXBuildFile; fileRef = 85845D37B71BB8E94BC0A6E4 /* ContentView.swift */; };
		8044ABB2BF2C4C7E282F75F7 /* SceneManagementView.swift in Sources */ = {isa = PBXBuildFile; fileRef = 0B7E9682F1AA59646B67BDD9 /* SceneManagementView.swift */; };
		847D8A7872208ACF18F5A338 /* JamShackUI in Frameworks */ = {isa = PBXBuildFile; productRef = 3A5A8CA68CCCCAA28A365476 /* JamShackUI */; };
		8709F71477C329D65279EDAA /* Localization in Frameworks */ = {isa = PBXBuildFile; productRef = 263D3476D6FAF10646944B01 /* Localization */; };
		95F0005F0AC3755B8AC07FB3 /* ServerControlsView.swift in Sources */ = {isa = PBXBuildFile; fileRef = 8AE00B5478A71F5B75E67AE6 /* ServerControlsView.swift */; };
		9BD7175879646171CA7BFB25 /* Localization in Frameworks */ = {isa = PBXBuildFile; productRef = E01C405FDA95346DCCD5782F /* Localization */; };
		B58D6F16866C835C999DFA92 /* JamShackUI in Frameworks */ = {isa = PBXBuildFile; productRef = 87F816FA700F02A4EAC0B7EC /* JamShackUI */; };
		BAB1C701AC9506CD9EF781D7 /* ServerControlsView.swift in Sources */ = {isa = PBXBuildFile; fileRef = 8AE00B5478A71F5B75E67AE6 /* ServerControlsView.swift */; };
		DE4436B33AD885B08B6E0E84 /* JamShackApp.swift in Sources */ = {isa = PBXBuildFile; fileRef = D5998490361DA6721A074DBB /* JamShackApp.swift */; };
		EFC7F17F89F0B8DA703B4AD3 /* AppCore in Frameworks */ = {isa = PBXBuildFile; productRef = FAA934C8A384EC61D40B89BF /* AppCore */; };
		F1B775220E08B345D98C1E69 /* PlainDataDocument.swift in Sources */ = {isa = PBXBuildFile; fileRef = 61DBB868E875C6BD24CEA099 /* PlainDataDocument.swift */; };
		F6A508097CA52946658B6950 /* SceneManagementView.swift in Sources */ = {isa = PBXBuildFile; fileRef = 0B7E9682F1AA59646B67BDD9 /* SceneManagementView.swift */; };
		F831B57B68B9CA12167D9C1C /* SourcesView.swift in Sources */ = {isa = PBXBuildFile; fileRef = 9D61157EE29A0F14F1047111 /* SourcesView.swift */; };
/* End PBXBuildFile section */

/* Begin PBXFileReference section */
		0B7E9682F1AA59646B67BDD9 /* SceneManagementView.swift */ = {isa = PBXFileReference; lastKnownFileType = sourcecode.swift; path = SceneManagementView.swift; sourceTree = "<group>"; };
		11F2C88E605F1362E9CA1EEB /* MusicTheoryKit */ = {isa = PBXFileReference; lastKnownFileType = folder; name = MusicTheoryKit; path = ..; sourceTree = SOURCE_ROOT; };
		61DBB868E875C6BD24CEA099 /* PlainDataDocument.swift */ = {isa = PBXFileReference; lastKnownFileType = sourcecode.swift; path = PlainDataDocument.swift; sourceTree = "<group>"; };
		85845D37B71BB8E94BC0A6E4 /* ContentView.swift */ = {isa = PBXFileReference; lastKnownFileType = sourcecode.swift; path = ContentView.swift; sourceTree = "<group>"; };
		8AE00B5478A71F5B75E67AE6 /* ServerControlsView.swift */ = {isa = PBXFileReference; lastKnownFileType = sourcecode.swift; path = ServerControlsView.swift; sourceTree = "<group>"; };
		9D61157EE29A0F14F1047111 /* SourcesView.swift */ = {isa = PBXFileReference; lastKnownFileType = sourcecode.swift; path = SourcesView.swift; sourceTree = "<group>"; };
		ACB2E6D6180EE0915C04B78D /* JamShackApp.app */ = {isa = PBXFileReference; includeInIndex = 0; lastKnownFileType = wrapper.application; path = JamShackApp.app; sourceTree = BUILT_PRODUCTS_DIR; };
		C05344F7C49061FB32C682B1 /* JamShackApp.app */ = {isa = PBXFileReference; explicitFileType = wrapper.application; includeInIndex = 0; path = JamShackApp.app; sourceTree = BUILT_PRODUCTS_DIR; };
		D5998490361DA6721A074DBB /* JamShackApp.swift */ = {isa = PBXFileReference; lastKnownFileType = sourcecode.swift; path = JamShackApp.swift; sourceTree = "<group>"; };
/* End PBXFileReference section */

/* Begin PBXFrameworksBuildPhase section */
		3D2DCD6FE4C3FCBDC2526BDF /* Frameworks */ = {
			isa = PBXFrameworksBuildPhase;
			buildActionMask = 2147483647;
			files = (
				B58D6F16866C835C999DFA92 /* JamShackUI in Frameworks */,
				5CBF610F3E1F2E9AEF2F0200 /* AppCore in Frameworks */,
				9BD7175879646171CA7BFB25 /* Localization in Frameworks */,
			);
			runOnlyForDeploymentPostprocessing = 0;
		};
		6B443BCDAB495A3736679A23 /* Frameworks */ = {
			isa = PBXFrameworksBuildPhase;
			buildActionMask = 2147483647;
			files = (
				847D8A7872208ACF18F5A338 /* JamShackUI in Frameworks */,
				EFC7F17F89F0B8DA703B4AD3 /* AppCore in Frameworks */,
				8709F71477C329D65279EDAA /* Localization in Frameworks */,
			);
			runOnlyForDeploymentPostprocessing = 0;
		};
/* End PBXFrameworksBuildPhase section */

/* Begin PBXGroup section */
		347D802E12657ED17AAF9653 /* Products */ = {
			isa = PBXGroup;
			children = (
				ACB2E6D6180EE0915C04B78D /* JamShackApp.app */,
				C05344F7C49061FB32C682B1 /* JamShackApp.app */,
			);
			name = Products;
			sourceTree = "<group>";
		};
		95AD2A689F9027466D496CA0 /* Sources */ = {
			isa = PBXGroup;
			children = (
				85845D37B71BB8E94BC0A6E4 /* ContentView.swift */,
				D5998490361DA6721A074DBB /* JamShackApp.swift */,
				61DBB868E875C6BD24CEA099 /* PlainDataDocument.swift */,
				0B7E9682F1AA59646B67BDD9 /* SceneManagementView.swift */,
				8AE00B5478A71F5B75E67AE6 /* ServerControlsView.swift */,
				9D61157EE29A0F14F1047111 /* SourcesView.swift */,
			);
			path = Sources;
			sourceTree = "<group>";
		};
		BDA2B7ED1AC6D6AA00665DA0 /* Packages */ = {
			isa = PBXGroup;
			children = (
				11F2C88E605F1362E9CA1EEB /* MusicTheoryKit */,
			);
			name = Packages;
			sourceTree = "<group>";
		};
		FA4548DCE3BF2BEBF9429AC1 = {
			isa = PBXGroup;
			children = (
				BDA2B7ED1AC6D6AA00665DA0 /* Packages */,
				95AD2A689F9027466D496CA0 /* Sources */,
				347D802E12657ED17AAF9653 /* Products */,
			);
			sourceTree = "<group>";
		};
/* End PBXGroup section */

/* Begin PBXNativeTarget section */
		EDB359A90F03C37144C8B096 /* JamShackApp_iOS */ = {
			isa = PBXNativeTarget;
			buildConfigurationList = 1C55C5455BC1FE3915FA586C /* Build configuration list for PBXNativeTarget "JamShackApp_iOS" */;
			buildPhases = (
				55D1154F87AF783D70706EEB /* Sources */,
				3D2DCD6FE4C3FCBDC2526BDF /* Frameworks */,
			);
			buildRules = (
			);
			dependencies = (
			);
			name = JamShackApp_iOS;
			packageProductDependencies = (
				87F816FA700F02A4EAC0B7EC /* JamShackUI */,
				69847B491F4CE42354F05B6F /* AppCore */,
				E01C405FDA95346DCCD5782F /* Localization */,
			);
			productName = JamShackApp_iOS;
			productReference = ACB2E6D6180EE0915C04B78D /* JamShackApp.app */;
			productType = "com.apple.product-type.application";
		};
		F288464C9A2E64AB332C2C95 /* JamShackApp_macOS */ = {
			isa = PBXNativeTarget;
			buildConfigurationList = 183D1973CCA59E8342E855EA /* Build configuration list for PBXNativeTarget "JamShackApp_macOS" */;
			buildPhases = (
				12237D5A99CFA37DF7700FE2 /* Sources */,
				6B443BCDAB495A3736679A23 /* Frameworks */,
			);
			buildRules = (
			);
			dependencies = (
			);
			name = JamShackApp_macOS;
			packageProductDependencies = (
				3A5A8CA68CCCCAA28A365476 /* JamShackUI */,
				FAA934C8A384EC61D40B89BF /* AppCore */,
				263D3476D6FAF10646944B01 /* Localization */,
			);
			productName = JamShackApp_macOS;
			productReference = C05344F7C49061FB32C682B1 /* JamShackApp.app */;
			productType = "com.apple.product-type.application";
		};
/* End PBXNativeTarget section */

/* Begin PBXProject section */
		5C69DDDF674F41E6050001DA /* Project object */ = {
			isa = PBXProject;
			attributes = {
				BuildIndependentTargetsInParallel = YES;
				LastUpgradeCheck = 1430;
				TargetAttributes = {
				};
			};
			buildConfigurationList = 71EABA9A79435D9019306CD6 /* Build configuration list for PBXProject "JamShackApp" */;
			developmentRegion = en;
			hasScannedForEncodings = 0;
			knownRegions = (
				Base,
				en,
			);
			mainGroup = FA4548DCE3BF2BEBF9429AC1;
			minimizedProjectReferenceProxies = 1;
			packageReferences = (
				34C46DF813380652240AF358 /* XCLocalSwiftPackageReference ".." */,
			);
			preferredProjectObjectVersion = 77;
			productRefGroup = 347D802E12657ED17AAF9653 /* Products */;
			projectDirPath = "";
			projectRoot = "";
			targets = (
				EDB359A90F03C37144C8B096 /* JamShackApp_iOS */,
				F288464C9A2E64AB332C2C95 /* JamShackApp_macOS */,
			);
		};
/* End PBXProject section */

/* Begin PBXSourcesBuildPhase section */
		12237D5A99CFA37DF7700FE2 /* Sources */ = {
			isa = PBXSourcesBuildPhase;
			buildActionMask = 2147483647;
			files = (
				68C6FE5177D67E4E3CAC7446 /* ContentView.swift in Sources */,
				4B891030B381AABC680DEB7A /* JamShackApp.swift in Sources */,
				F1B775220E08B345D98C1E69 /* PlainDataDocument.swift in Sources */,
				8044ABB2BF2C4C7E282F75F7 /* SceneManagementView.swift in Sources */,
				95F0005F0AC3755B8AC07FB3 /* ServerControlsView.swift in Sources */,
				004FEA93C2CC39453B77396B /* SourcesView.swift in Sources */,
			);
			runOnlyForDeploymentPostprocessing = 0;
		};
		55D1154F87AF783D70706EEB /* Sources */ = {
			isa = PBXSourcesBuildPhase;
			buildActionMask = 2147483647;
			files = (
				565F0AD0D4439E562FFECF4F /* ContentView.swift in Sources */,
				DE4436B33AD885B08B6E0E84 /* JamShackApp.swift in Sources */,
				38F537A45F6133BAC6560CE5 /* PlainDataDocument.swift in Sources */,
				F6A508097CA52946658B6950 /* SceneManagementView.swift in Sources */,
				BAB1C701AC9506CD9EF781D7 /* ServerControlsView.swift in Sources */,
				F831B57B68B9CA12167D9C1C /* SourcesView.swift in Sources */,
			);
			runOnlyForDeploymentPostprocessing = 0;
		};
/* End PBXSourcesBuildPhase section */

/* Begin XCBuildConfiguration section */
		09D9F7564927A7CB7BE030FB /* Debug */ = {
			isa = XCBuildConfiguration;
			buildSettings = {
				ASSETCATALOG_COMPILER_APPICON_NAME = AppIcon;
				CODE_SIGN_ENTITLEMENTS = Generated/JamShackApp.entitlements;
				COMBINE_HIDPI_IMAGES = YES;
				CURRENT_PROJECT_VERSION = 1;
				ENABLE_HARDENED_RUNTIME = YES;
				INFOPLIST_FILE = Generated/Info.plist;
				LD_RUNPATH_SEARCH_PATHS = (
					"$(inherited)",
					"@executable_path/../Frameworks",
				);
				MARKETING_VERSION = 1.0;
				PRODUCT_BUNDLE_IDENTIFIER = "com.jamshack.JamShackApp-macOS";
				PRODUCT_NAME = JamShackApp;
				SDKROOT = macosx;
				SWIFT_VERSION = 6.0;
			};
			name = Debug;
		};
		32580B149942A5385773231F /* Debug */ = {
			isa = XCBuildConfiguration;
			buildSettings = {
				ASSETCATALOG_COMPILER_APPICON_NAME = AppIcon;
				CODE_SIGN_ENTITLEMENTS = Generated/JamShackApp.entitlements;
				CODE_SIGN_IDENTITY = "iPhone Developer";
				CURRENT_PROJECT_VERSION = 1;
				ENABLE_HARDENED_RUNTIME = YES;
				INFOPLIST_FILE = Generated/Info.plist;
				LD_RUNPATH_SEARCH_PATHS = (
					"$(inherited)",
					"@executable_path/Frameworks",
				);
				MARKETING_VERSION = 1.0;
				PRODUCT_BUNDLE_IDENTIFIER = "com.jamshack.JamShackApp-iOS";
				PRODUCT_NAME = JamShackApp;
				SDKROOT = iphoneos;
				SWIFT_VERSION = 6.0;
				TARGETED_DEVICE_FAMILY = "1,2";
			};
			name = Debug;
		};
		7787480AABB9BF2A358900C1 /* Release */ = {
			isa = XCBuildConfiguration;
			buildSettings = {
				ASSETCATALOG_COMPILER_APPICON_NAME = AppIcon;
				CODE_SIGN_ENTITLEMENTS = Generated/JamShackApp.entitlements;
				CODE_SIGN_IDENTITY = "iPhone Developer";
				CURRENT_PROJECT_VERSION = 1;
				ENABLE_HARDENED_RUNTIME = YES;
				INFOPLIST_FILE = Generated/Info.plist;
				LD_RUNPATH_SEARCH_PATHS = (
					"$(inherited)",
					"@executable_path/Frameworks",
				);
				MARKETING_VERSION = 1.0;
				PRODUCT_BUNDLE_IDENTIFIER = "com.jamshack.JamShackApp-iOS";
				PRODUCT_NAME = JamShackApp;
				SDKROOT = iphoneos;
				SWIFT_VERSION = 6.0;
				TARGETED_DEVICE_FAMILY = "1,2";
			};
			name = Release;
		};
		A612ADE50C9898B064DBAE09 /* Debug */ = {
			isa = XCBuildConfiguration;
			buildSettings = {
				ALWAYS_SEARCH_USER_PATHS = NO;
				CLANG_ANALYZER_NONNULL = YES;
				CLANG_ANALYZER_NUMBER_OBJECT_CONVERSION = YES_AGGRESSIVE;
				CLANG_CXX_LANGUAGE_STANDARD = "gnu++14";
				CLANG_CXX_LIBRARY = "libc++";
				CLANG_ENABLE_MODULES = YES;
				CLANG_ENABLE_OBJC_ARC = YES;
				CLANG_ENABLE_OBJC_WEAK = YES;
				CLANG_WARN_BLOCK_CAPTURE_AUTORELEASING = YES;
				CLANG_WARN_BOOL_CONVERSION = YES;
				CLANG_WARN_COMMA = YES;
				CLANG_WARN_CONSTANT_CONVERSION = YES;
				CLANG_WARN_DEPRECATED_OBJC_IMPLEMENTATIONS = YES;
				CLANG_WARN_DIRECT_OBJC_ISA_USAGE = YES_ERROR;
				CLANG_WARN_DOCUMENTATION_COMMENTS = YES;
				CLANG_WARN_EMPTY_BODY = YES;
				CLANG_WARN_ENUM_CONVERSION = YES;
				CLANG_WARN_INFINITE_RECURSION = YES;
				CLANG_WARN_INT_CONVERSION = YES;
				CLANG_WARN_NON_LITERAL_NULL_CONVERSION = YES;
				CLANG_WARN_OBJC_IMPLICIT_RETAIN_SELF = YES;
				CLANG_WARN_OBJC_LITERAL_CONVERSION = YES;
				CLANG_WARN_OBJC_ROOT_CLASS = YES_ERROR;
				CLANG_WARN_QUOTED_INCLUDE_IN_FRAMEWORK_HEADER = YES;
				CLANG_WARN_RANGE_LOOP_ANALYSIS = YES;
				CLANG_WARN_STRICT_PROTOTYPES = YES;
				CLANG_WARN_SUSPICIOUS_MOVE = YES;
				CLANG_WARN_UNGUARDED_AVAILABILITY = YES_AGGRESSIVE;
				CLANG_WARN_UNREACHABLE_CODE = YES;
				CLANG_WARN__DUPLICATE_METHOD_MATCH = YES;
				COPY_PHASE_STRIP = NO;
				DEBUG_INFORMATION_FORMAT = dwarf;
				ENABLE_STRICT_OBJC_MSGSEND = YES;
				ENABLE_TESTABILITY = YES;
				GCC_C_LANGUAGE_STANDARD = gnu11;
				GCC_DYNAMIC_NO_PIC = NO;
				GCC_NO_COMMON_BLOCKS = YES;
				GCC_OPTIMIZATION_LEVEL = 0;
				GCC_PREPROCESSOR_DEFINITIONS = (
					"$(inherited)",
					"DEBUG=1",
				);
				GCC_WARN_64_TO_32_BIT_CONVERSION = YES;
				GCC_WARN_ABOUT_RETURN_TYPE = YES_ERROR;
				GCC_WARN_UNDECLARED_SELECTOR = YES;
				GCC_WARN_UNINITIALIZED_AUTOS = YES_AGGRESSIVE;
				GCC_WARN_UNUSED_FUNCTION = YES;
				GCC_WARN_UNUSED_VARIABLE = YES;
				IPHONEOS_DEPLOYMENT_TARGET = 17.0;
				MACOSX_DEPLOYMENT_TARGET = 14.0;
				MTL_ENABLE_DEBUG_INFO = INCLUDE_SOURCE;
				MTL_FAST_MATH = YES;
				ONLY_ACTIVE_ARCH = YES;
				PRODUCT_NAME = "$(TARGET_NAME)";
				SWIFT_ACTIVE_COMPILATION_CONDITIONS = DEBUG;
				SWIFT_OPTIMIZATION_LEVEL = "-Onone";
				SWIFT_VERSION = 5.0;
			};
			name = Debug;
		};
		CD7BAA2FA4F8740C719D6BE5 /* Release */ = {
			isa = XCBuildConfiguration;
			buildSettings = {
				ASSETCATALOG_COMPILER_APPICON_NAME = AppIcon;
				CODE_SIGN_ENTITLEMENTS = Generated/JamShackApp.entitlements;
				COMBINE_HIDPI_IMAGES = YES;
				CURRENT_PROJECT_VERSION = 1;
				ENABLE_HARDENED_RUNTIME = YES;
				INFOPLIST_FILE = Generated/Info.plist;
				LD_RUNPATH_SEARCH_PATHS = (
					"$(inherited)",
					"@executable_path/../Frameworks",
				);
				MARKETING_VERSION = 1.0;
				PRODUCT_BUNDLE_IDENTIFIER = "com.jamshack.JamShackApp-macOS";
				PRODUCT_NAME = JamShackApp;
				SDKROOT = macosx;
				SWIFT_VERSION = 6.0;
			};
			name = Release;
		};
		F1D69E114B651D7BC43B0844 /* Release */ = {
			isa = XCBuildConfiguration;
			buildSettings = {
				ALWAYS_SEARCH_USER_PATHS = NO;
				CLANG_ANALYZER_NONNULL = YES;
				CLANG_ANALYZER_NUMBER_OBJECT_CONVERSION = YES_AGGRESSIVE;
				CLANG_CXX_LANGUAGE_STANDARD = "gnu++14";
				CLANG_CXX_LIBRARY = "libc++";
				CLANG_ENABLE_MODULES = YES;
				CLANG_ENABLE_OBJC_ARC = YES;
				CLANG_ENABLE_OBJC_WEAK = YES;
				CLANG_WARN_BLOCK_CAPTURE_AUTORELEASING = YES;
				CLANG_WARN_BOOL_CONVERSION = YES;
				CLANG_WARN_COMMA = YES;
				CLANG_WARN_CONSTANT_CONVERSION = YES;
				CLANG_WARN_DEPRECATED_OBJC_IMPLEMENTATIONS = YES;
				CLANG_WARN_DIRECT_OBJC_ISA_USAGE = YES_ERROR;
				CLANG_WARN_DOCUMENTATION_COMMENTS = YES;
				CLANG_WARN_EMPTY_BODY = YES;
				CLANG_WARN_ENUM_CONVERSION = YES;
				CLANG_WARN_INFINITE_RECURSION = YES;
				CLANG_WARN_INT_CONVERSION = YES;
				CLANG_WARN_NON_LITERAL_NULL_CONVERSION = YES;
				CLANG_WARN_OBJC_IMPLICIT_RETAIN_SELF = YES;
				CLANG_WARN_OBJC_LITERAL_CONVERSION = YES;
				CLANG_WARN_OBJC_ROOT_CLASS = YES_ERROR;
				CLANG_WARN_QUOTED_INCLUDE_IN_FRAMEWORK_HEADER = YES;
				CLANG_WARN_RANGE_LOOP_ANALYSIS = YES;
				CLANG_WARN_STRICT_PROTOTYPES = YES;
				CLANG_WARN_SUSPICIOUS_MOVE = YES;
				CLANG_WARN_UNGUARDED_AVAILABILITY = YES_AGGRESSIVE;
				CLANG_WARN_UNREACHABLE_CODE = YES;
				CLANG_WARN__DUPLICATE_METHOD_MATCH = YES;
				COPY_PHASE_STRIP = NO;
				DEBUG_INFORMATION_FORMAT = "dwarf-with-dsym";
				ENABLE_NS_ASSERTIONS = NO;
				ENABLE_STRICT_OBJC_MSGSEND = YES;
				GCC_C_LANGUAGE_STANDARD = gnu11;
				GCC_NO_COMMON_BLOCKS = YES;
				GCC_WARN_64_TO_32_BIT_CONVERSION = YES;
				GCC_WARN_ABOUT_RETURN_TYPE = YES_ERROR;
				GCC_WARN_UNDECLARED_SELECTOR = YES;
				GCC_WARN_UNINITIALIZED_AUTOS = YES_AGGRESSIVE;
				GCC_WARN_UNUSED_FUNCTION = YES;
				GCC_WARN_UNUSED_VARIABLE = YES;
				IPHONEOS_DEPLOYMENT_TARGET = 17.0;
				MACOSX_DEPLOYMENT_TARGET = 14.0;
				MTL_ENABLE_DEBUG_INFO = NO;
				MTL_FAST_MATH = YES;
				PRODUCT_NAME = "$(TARGET_NAME)";
				SWIFT_COMPILATION_MODE = wholemodule;
				SWIFT_OPTIMIZATION_LEVEL = "-O";
				SWIFT_VERSION = 5.0;
			};
			name = Release;
		};
/* End XCBuildConfiguration section */

/* Begin XCConfigurationList section */
		183D1973CCA59E8342E855EA /* Build configuration list for PBXNativeTarget "JamShackApp_macOS" */ = {
			isa = XCConfigurationList;
			buildConfigurations = (
				09D9F7564927A7CB7BE030FB /* Debug */,
				CD7BAA2FA4F8740C719D6BE5 /* Release */,
			);
			defaultConfigurationIsVisible = 0;
			defaultConfigurationName = Debug;
		};
		1C55C5455BC1FE3915FA586C /* Build configuration list for PBXNativeTarget "JamShackApp_iOS" */ = {
			isa = XCConfigurationList;
			buildConfigurations = (
				32580B149942A5385773231F /* Debug */,
				7787480AABB9BF2A358900C1 /* Release */,
			);
			defaultConfigurationIsVisible = 0;
			defaultConfigurationName = Debug;
		};
		71EABA9A79435D9019306CD6 /* Build configuration list for PBXProject "JamShackApp" */ = {
			isa = XCConfigurationList;
			buildConfigurations = (
				A612ADE50C9898B064DBAE09 /* Debug */,
				F1D69E114B651D7BC43B0844 /* Release */,
			);
			defaultConfigurationIsVisible = 0;
			defaultConfigurationName = Debug;
		};
/* End XCConfigurationList section */

/* Begin XCLocalSwiftPackageReference section */
		34C46DF813380652240AF358 /* XCLocalSwiftPackageReference ".." */ = {
			isa = XCLocalSwiftPackageReference;
			relativePath = ..;
		};
/* End XCLocalSwiftPackageReference section */

/* Begin XCSwiftPackageProductDependency section */
		263D3476D6FAF10646944B01 /* Localization */ = {
			isa = XCSwiftPackageProductDependency;
			productName = Localization;
		};
		3A5A8CA68CCCCAA28A365476 /* JamShackUI */ = {
			isa = XCSwiftPackageProductDependency;
			productName = JamShackUI;
		};
		69847B491F4CE42354F05B6F /* AppCore */ = {
			isa = XCSwiftPackageProductDependency;
			productName = AppCore;
		};
		87F816FA700F02A4EAC0B7EC /* JamShackUI */ = {
			isa = XCSwiftPackageProductDependency;
			productName = JamShackUI;
		};
		E01C405FDA95346DCCD5782F /* Localization */ = {
			isa = XCSwiftPackageProductDependency;
			productName = Localization;
		};
		FAA934C8A384EC61D40B89BF /* AppCore */ = {
			isa = XCSwiftPackageProductDependency;
			productName = AppCore;
		};
/* End XCSwiftPackageProductDependency section */
	};
	rootObject = 5C69DDDF674F41E6050001DA /* Project object */;
}
