// !$*UTF8*$!
{
	archiveVersion = 1;
	classes = {
	};
	objectVersion = 77;
	objects = {

/* Begin PBXBuildFile section */
		00A73F7017BCEC745DF7A754 /* NotationStyleSettingsView.swift in Sources */ = {isa = PBXBuildFile; fileRef = F399A09A42E00F69FE65879F /* NotationStyleSettingsView.swift */; };
		00E5EF6FB05246A3A709AE8E /* GuideView.swift in Sources */ = {isa = PBXBuildFile; fileRef = 1AE61DA02F48C19951B955F1 /* GuideView.swift */; };
		03434124F882655EA74ED88D /* ProgressionLibraryView.swift in Sources */ = {isa = PBXBuildFile; fileRef = 1A804FA9376E50827AA8019F /* ProgressionLibraryView.swift */; };
		066DB6ECE6F1061FC797DF56 /* PiecesPlayView.swift in Sources */ = {isa = PBXBuildFile; fileRef = A7171E005C138F689954FCE0 /* PiecesPlayView.swift */; };
		06CEF7FF7580C390D568769E /* ComputerKeyboardWindow.swift in Sources */ = {isa = PBXBuildFile; fileRef = 425EE89B1471CD7198F934E0 /* ComputerKeyboardWindow.swift */; };
		0A79741651EDD5CC1118DE83 /* TestModeColumn.swift in Sources */ = {isa = PBXBuildFile; fileRef = BF24B24B398EAFB82982ECC4 /* TestModeColumn.swift */; };
		0C882674D58F6504D7C1FA56 /* MicrophoneWindow.swift in Sources */ = {isa = PBXBuildFile; fileRef = E3BF0B0539CC79DB41666172 /* MicrophoneWindow.swift */; };
		0D0BCF53627C4D85D9E30A54 /* GuideLectureView.swift in Sources */ = {isa = PBXBuildFile; fileRef = 8A903AE71C48BA50018C5E22 /* GuideLectureView.swift */; };
		0EE109635C4ED7522CB6F528 /* GuidePlayIndicationRow.swift in Sources */ = {isa = PBXBuildFile; fileRef = 4EA276BC19892B1D37813D15 /* GuidePlayIndicationRow.swift */; };
		0FF02BA6AF1BD8ADD71D6D3B /* StorageUsageBar.swift in Sources */ = {isa = PBXBuildFile; fileRef = BDABB1E201B54674DFFC43E7 /* StorageUsageBar.swift */; };
		10B966ABBC65D156B870F7CD /* SoundFontCatalogCreditsView.swift in Sources */ = {isa = PBXBuildFile; fileRef = 42415FE3529106E7F227E1AF /* SoundFontCatalogCreditsView.swift */; };
		12B769366D7FED7F404F8EF2 /* PiecesFileView.swift in Sources */ = {isa = PBXBuildFile; fileRef = FC0DA62416ED6B405EBDF8DF /* PiecesFileView.swift */; };
		13DBE3AB0C3614B6F8D37BE1 /* FileDisplayName.swift in Sources */ = {isa = PBXBuildFile; fileRef = 9144B6EB7F1029254BDA64AB /* FileDisplayName.swift */; };
		143F82B51732D9FC35633767 /* GuidePlayIndicationRow.swift in Sources */ = {isa = PBXBuildFile; fileRef = 4EA276BC19892B1D37813D15 /* GuidePlayIndicationRow.swift */; };
		15823703532686284A73C64B /* SoundFontCatalogView.swift in Sources */ = {isa = PBXBuildFile; fileRef = A8542DB3109F0EE2C04FFBC1 /* SoundFontCatalogView.swift */; };
		179468A1F72F80E2DF6069DC /* MicrophoneWindow.swift in Sources */ = {isa = PBXBuildFile; fileRef = E3BF0B0539CC79DB41666172 /* MicrophoneWindow.swift */; };
		1AB02A5A72BD4D7D84652261 /* GuideStepsSection.swift in Sources */ = {isa = PBXBuildFile; fileRef = 95942B8846FAA9B3ED42228B /* GuideStepsSection.swift */; };
		1B11AC337EE28D19A172776C /* AppModel.swift in Sources */ = {isa = PBXBuildFile; fileRef = 4A7D035FF241FE8B1971234F /* AppModel.swift */; };
		1D60040DDEDC4055CB2542BA /* RecordingsView.swift in Sources */ = {isa = PBXBuildFile; fileRef = 8E99978CED2C145262C1B3B4 /* RecordingsView.swift */; };
		1E320F17AB936D2D199DA586 /* CompositionView.swift in Sources */ = {isa = PBXBuildFile; fileRef = 9678EC3E37F61041F0877632 /* CompositionView.swift */; };
		229D85BA441B10CCDA617FD6 /* RemoteNotificationDelegate.swift in Sources */ = {isa = PBXBuildFile; fileRef = 61EB999B2BB050D2A3FD5F3B /* RemoteNotificationDelegate.swift */; };
		242FAD710C6EC42A80162A7C /* TheoryView.swift in Sources */ = {isa = PBXBuildFile; fileRef = B8882F60A69160E13C23E07C /* TheoryView.swift */; };
		2636F5B565CF2E54B614292F /* PlaybackControlButton.swift in Sources */ = {isa = PBXBuildFile; fileRef = FA393FDD6590DDE0D1E4FAEF /* PlaybackControlButton.swift */; };
		2697496573116390CEDCD939 /* FileDisplayName.swift in Sources */ = {isa = PBXBuildFile; fileRef = 9144B6EB7F1029254BDA64AB /* FileDisplayName.swift */; };
		26A9D19DCB6370F62CC03F1E /* RecordingsView.swift in Sources */ = {isa = PBXBuildFile; fileRef = 8E99978CED2C145262C1B3B4 /* RecordingsView.swift */; };
		27088ED9B3B1558DDF61DCC2 /* SceneLayoutWindow.swift in Sources */ = {isa = PBXBuildFile; fileRef = D3D77E2216CC7C9B43720B44 /* SceneLayoutWindow.swift */; };
		280A9ECBDACA278B699919B9 /* SceneLayoutView.swift in Sources */ = {isa = PBXBuildFile; fileRef = AC498287531CCB5772C1258B /* SceneLayoutView.swift */; };
		2A007CE84B97DCB9445E0B67 /* TheoryTabContent.swift in Sources */ = {isa = PBXBuildFile; fileRef = CEBDAE3CC92EC37EACBB1B1C /* TheoryTabContent.swift */; };
		2A015AE58FE5376FF9FDB5BB /* SoundFontInfoSheet.swift in Sources */ = {isa = PBXBuildFile; fileRef = D18A6BE11EC3ADC166F77984 /* SoundFontInfoSheet.swift */; };
		2B4B5AA50E88A35C6816730C /* JamShackAIView.swift in Sources */ = {isa = PBXBuildFile; fileRef = 13B3167768CB0DDEADFFF969 /* JamShackAIView.swift */; };
		2B5C61EFDA7059C1DCF161E0 /* SoundTestModeController.swift in Sources */ = {isa = PBXBuildFile; fileRef = 94AD7FB4C8B8FC1856896486 /* SoundTestModeController.swift */; };
		2D13B5EA627E6BFF11E9E50F /* SoundLibraryView.swift in Sources */ = {isa = PBXBuildFile; fileRef = C763B393C86E9F1CD8AE4392 /* SoundLibraryView.swift */; };
		303D7201D5131E7A9DF4AAD6 /* PaletteEditorView.swift in Sources */ = {isa = PBXBuildFile; fileRef = 8D58534383002A55C5D49F9D /* PaletteEditorView.swift */; };
		34D898F93E23EC88710EAE78 /* SoundsView.swift in Sources */ = {isa = PBXBuildFile; fileRef = 4765E80FA8CA331E5728B0F0 /* SoundsView.swift */; };
		35B050C640C7B52F29632BD7 /* SceneLayoutView.swift in Sources */ = {isa = PBXBuildFile; fileRef = AC498287531CCB5772C1258B /* SceneLayoutView.swift */; };
		3684ED3623D6C6C0954FA999 /* GuideDescriptionView.swift in Sources */ = {isa = PBXBuildFile; fileRef = B6E2F51CDF00A0B57FE9AEAB /* GuideDescriptionView.swift */; };
		38F537A45F6133BAC6560CE5 /* PlainDataDocument.swift in Sources */ = {isa = PBXBuildFile; fileRef = 61DBB868E875C6BD24CEA099 /* PlainDataDocument.swift */; };
		38F552870D3837F3930B9E0D /* NotationStyleSettingsView.swift in Sources */ = {isa = PBXBuildFile; fileRef = F399A09A42E00F69FE65879F /* NotationStyleSettingsView.swift */; };
		3A8E64861B3EE2B4FE083D76 /* SessionGatedView.swift in Sources */ = {isa = PBXBuildFile; fileRef = DE90A4A7D561D191DF3EDBE8 /* SessionGatedView.swift */; };
		3B9243B29A433229B6D11F53 /* SceneLayoutView.swift in Sources */ = {isa = PBXBuildFile; fileRef = AC498287531CCB5772C1258B /* SceneLayoutView.swift */; };
		3C05FE05BFF6CFA16E5225D0 /* PiecesPlayView.swift in Sources */ = {isa = PBXBuildFile; fileRef = A7171E005C138F689954FCE0 /* PiecesPlayView.swift */; };
		3D11A2463C903C824EA09722 /* RemoteNotificationDelegate.swift in Sources */ = {isa = PBXBuildFile; fileRef = 61EB999B2BB050D2A3FD5F3B /* RemoteNotificationDelegate.swift */; };
		3D9A4A9A9A91CE71B7CD7525 /* GuideView.swift in Sources */ = {isa = PBXBuildFile; fileRef = 1AE61DA02F48C19951B955F1 /* GuideView.swift */; };
		3F1965A4076A70B46D629A59 /* RemoteNotificationDelegate.swift in Sources */ = {isa = PBXBuildFile; fileRef = 61EB999B2BB050D2A3FD5F3B /* RemoteNotificationDelegate.swift */; };
		408E126833D9A8B7BA74CFAF /* SoundFontCatalogDetailView.swift in Sources */ = {isa = PBXBuildFile; fileRef = 2402C39126B093192FC0FF77 /* SoundFontCatalogDetailView.swift */; };
		435AFCF4AFA68F67605F8AE1 /* MicrophoneTabContent.swift in Sources */ = {isa = PBXBuildFile; fileRef = 894DEEB4D6B48B42F8EF8C94 /* MicrophoneTabContent.swift */; };
		45555DC7EAA4CA242F011BB0 /* SoundFontCatalogView.swift in Sources */ = {isa = PBXBuildFile; fileRef = A8542DB3109F0EE2C04FFBC1 /* SoundFontCatalogView.swift */; };
		4718D979D4D3D67A1DDD8636 /* ModeLibraryView.swift in Sources */ = {isa = PBXBuildFile; fileRef = 92D0CCE52D97231126907127 /* ModeLibraryView.swift */; };
		48F0B9D8C3E50EFE179FD8A4 /* Assets.xcassets in Resources */ = {isa = PBXBuildFile; fileRef = 04D7D71FEF77850B75E4B7B5 /* Assets.xcassets */; };
		4B891030B381AABC680DEB7A /* JamShackApp.swift in Sources */ = {isa = PBXBuildFile; fileRef = D5998490361DA6721A074DBB /* JamShackApp.swift */; };
		4BB6D21B8D92741E91EA8936 /* RecordingsView.swift in Sources */ = {isa = PBXBuildFile; fileRef = 8E99978CED2C145262C1B3B4 /* RecordingsView.swift */; };
		4BF48752328F746D8FCF5953 /* MicrophoneControlsView.swift in Sources */ = {isa = PBXBuildFile; fileRef = 83E3F3D6757C2084F069B255 /* MicrophoneControlsView.swift */; };
		4C043C2C57524919E87375D2 /* GuideConfigurationView.swift in Sources */ = {isa = PBXBuildFile; fileRef = D26C37BCD338FB3890089C34 /* GuideConfigurationView.swift */; };
		4C3E963ECFF498DE02B0AD4F /* SoundTestModeController.swift in Sources */ = {isa = PBXBuildFile; fileRef = 94AD7FB4C8B8FC1856896486 /* SoundTestModeController.swift */; };
		4EEAA109475539B7C1E920E4 /* JamShackMIDIView.swift in Sources */ = {isa = PBXBuildFile; fileRef = 1F67D019D9BC8989A58A8E8A /* JamShackMIDIView.swift */; };
		502F86EA7E61395F1407D160 /* GameCenterCoordinator.swift in Sources */ = {isa = PBXBuildFile; fileRef = 56783C5791125C49D8104883 /* GameCenterCoordinator.swift */; };
		51DECC108DA490A5C2D4A1F3 /* ColorHex.swift in Sources */ = {isa = PBXBuildFile; fileRef = A80BD5958DD843BF49738DE9 /* ColorHex.swift */; };
		54D2A5A995B5684276AF29E8 /* SceneFileView.swift in Sources */ = {isa = PBXBuildFile; fileRef = 2D4854E83A4DBE291EDAA3CC /* SceneFileView.swift */; };
		555D9CC774486846D6BFE0B0 /* PiecesFileView.swift in Sources */ = {isa = PBXBuildFile; fileRef = FC0DA62416ED6B405EBDF8DF /* PiecesFileView.swift */; };
		565F0AD0D4439E562FFECF4F /* ContentView.swift in Sources */ = {isa = PBXBuildFile; fileRef = 85845D37B71BB8E94BC0A6E4 /* ContentView.swift */; };
		56AA55976C81AAF973091F3C /* TheoryTabContent.swift in Sources */ = {isa = PBXBuildFile; fileRef = CEBDAE3CC92EC37EACBB1B1C /* TheoryTabContent.swift */; };
		56EEDD2380EA0F70E184B249 /* ModeLibraryView.swift in Sources */ = {isa = PBXBuildFile; fileRef = 92D0CCE52D97231126907127 /* ModeLibraryView.swift */; };
		577625AA73822F8E4B000BF0 /* CompositionFileView.swift in Sources */ = {isa = PBXBuildFile; fileRef = BCD1C63D851BB483B73CD474 /* CompositionFileView.swift */; };
		57E075DA1FCD4D568E942FE8 /* IconAssignmentButton.swift in Sources */ = {isa = PBXBuildFile; fileRef = 9DF506E12A5E6829884DCE65 /* IconAssignmentButton.swift */; };
		591A99B18A4B87B7EC3CD7A2 /* GuideDescriptionView.swift in Sources */ = {isa = PBXBuildFile; fileRef = B6E2F51CDF00A0B57FE9AEAB /* GuideDescriptionView.swift */; };
		59C2A00572CF722DEE6994C6 /* PlaybackControlButton.swift in Sources */ = {isa = PBXBuildFile; fileRef = FA393FDD6590DDE0D1E4FAEF /* PlaybackControlButton.swift */; };
		59E264563F1D6BD0334FB777 /* GuideFileView.swift in Sources */ = {isa = PBXBuildFile; fileRef = CC0EEDCEAF1C96726ACE9B17 /* GuideFileView.swift */; };
		5B96313EFB77310851F02CD7 /* RecordingDetailView.swift in Sources */ = {isa = PBXBuildFile; fileRef = 71953E7D8E1B09B320DEFE6A /* RecordingDetailView.swift */; };
		5BE54ED2E6965DC97380C0E3 /* AppModel.swift in Sources */ = {isa = PBXBuildFile; fileRef = 4A7D035FF241FE8B1971234F /* AppModel.swift */; };
		5C0FEAB0F69DD3A7CCCE0729 /* CompositionFileView.swift in Sources */ = {isa = PBXBuildFile; fileRef = BCD1C63D851BB483B73CD474 /* CompositionFileView.swift */; };
		5CBF610F3E1F2E9AEF2F0200 /* AppCore in Frameworks */ = {isa = PBXBuildFile; productRef = 69847B491F4CE42354F05B6F /* AppCore */; };
		5E26D90A74444A5D8BB4504E /* PiecesView.swift in Sources */ = {isa = PBXBuildFile; fileRef = 1DAE2E35B014C09B62C4CE0A /* PiecesView.swift */; };
		5E6F9AC439CDE09175FD0C3B /* MicrophoneControlsView.swift in Sources */ = {isa = PBXBuildFile; fileRef = 83E3F3D6757C2084F069B255 /* MicrophoneControlsView.swift */; };
		5F162AD3573A70DCDA49F626 /* AppModel.swift in Sources */ = {isa = PBXBuildFile; fileRef = 4A7D035FF241FE8B1971234F /* AppModel.swift */; };
		600331554FB340525901983B /* GameCenterCoordinator.swift in Sources */ = {isa = PBXBuildFile; fileRef = 56783C5791125C49D8104883 /* GameCenterCoordinator.swift */; };
		60CEB1142DD1D191145837E6 /* JamShackLanguageView.swift in Sources */ = {isa = PBXBuildFile; fileRef = DE39EAC785B1BF4AA9F44EDE /* JamShackLanguageView.swift */; };
		61E4B13B810932EB21795EA9 /* SceneLayoutWindow.swift in Sources */ = {isa = PBXBuildFile; fileRef = D3D77E2216CC7C9B43720B44 /* SceneLayoutWindow.swift */; };
		62F157F6672853E2BFB8A319 /* RunScreenWindow.swift in Sources */ = {isa = PBXBuildFile; fileRef = 737D83A55D0D5B9052B92AE7 /* RunScreenWindow.swift */; };
		6324AFC9F01E91268680227B /* GuideConfigurationView.swift in Sources */ = {isa = PBXBuildFile; fileRef = D26C37BCD338FB3890089C34 /* GuideConfigurationView.swift */; };
		665079528B7FF62A0F75A0B2 /* SoundFontCatalogView.swift in Sources */ = {isa = PBXBuildFile; fileRef = A8542DB3109F0EE2C04FFBC1 /* SoundFontCatalogView.swift */; };
		6743E9D3C12B1E174E105531 /* JamSessionView.swift in Sources */ = {isa = PBXBuildFile; fileRef = 44E28F5AF89E79FD7606B5CD /* JamSessionView.swift */; };
		67CCA36685B322EFBE37923F /* Assets.xcassets in Resources */ = {isa = PBXBuildFile; fileRef = 04D7D71FEF77850B75E4B7B5 /* Assets.xcassets */; };
		68C6FE5177D67E4E3CAC7446 /* ContentView.swift in Sources */ = {isa = PBXBuildFile; fileRef = 85845D37B71BB8E94BC0A6E4 /* ContentView.swift */; };
		691A300ACB4B2C5E361937B8 /* SceneManagementView.swift in Sources */ = {isa = PBXBuildFile; fileRef = 0B7E9682F1AA59646B67BDD9 /* SceneManagementView.swift */; };
		69FB537F37951DBF4B01AA97 /* SessionGatedView.swift in Sources */ = {isa = PBXBuildFile; fileRef = DE90A4A7D561D191DF3EDBE8 /* SessionGatedView.swift */; };
		6DFBB4E9B841927603BEE0F7 /* JamShackColorsView.swift in Sources */ = {isa = PBXBuildFile; fileRef = C99CBF1FBD1605E7FEA1F5C3 /* JamShackColorsView.swift */; };
		6F6F3563C88A5DB8BF1E0F2C /* RecordingDetailView.swift in Sources */ = {isa = PBXBuildFile; fileRef = 71953E7D8E1B09B320DEFE6A /* RecordingDetailView.swift */; };
		728E39212CDC92AB940D8875 /* GuideLectureWindow.swift in Sources */ = {isa = PBXBuildFile; fileRef = 392B0B4CD11A65E3AE00FDA2 /* GuideLectureWindow.swift */; };
		73DEDCF39E174C027B97D07A /* JamShackAIView.swift in Sources */ = {isa = PBXBuildFile; fileRef = 13B3167768CB0DDEADFFF969 /* JamShackAIView.swift */; };
		74693A376E88C5953E4BFF1E /* SoundFontCatalogCreditsView.swift in Sources */ = {isa = PBXBuildFile; fileRef = 42415FE3529106E7F227E1AF /* SoundFontCatalogCreditsView.swift */; };
		750CC9F9D1A1A0F79D3219FE /* PaletteEditorView.swift in Sources */ = {isa = PBXBuildFile; fileRef = 8D58534383002A55C5D49F9D /* PaletteEditorView.swift */; };
		77FBDFE2727587CEBAE10BAC /* StorageUsageBar.swift in Sources */ = {isa = PBXBuildFile; fileRef = BDABB1E201B54674DFFC43E7 /* StorageUsageBar.swift */; };
		79498A536C73583601D2FF24 /* LiveTabContent.swift in Sources */ = {isa = PBXBuildFile; fileRef = 2597F7B28427307A87198794 /* LiveTabContent.swift */; };
		7A5A34186E7782C4BB0A0B56 /* RecordingFileView.swift in Sources */ = {isa = PBXBuildFile; fileRef = 43140D25200D4FC00530C882 /* RecordingFileView.swift */; };
		7A955D0C73A6969B155BCB05 /* SessionGatedView.swift in Sources */ = {isa = PBXBuildFile; fileRef = DE90A4A7D561D191DF3EDBE8 /* SessionGatedView.swift */; };
		7B4B896B1D031A7874563884 /* ContentView.swift in Sources */ = {isa = PBXBuildFile; fileRef = 85845D37B71BB8E94BC0A6E4 /* ContentView.swift */; };
		7BD222D7E9E9F200C5547F58 /* CompositionComposerView.swift in Sources */ = {isa = PBXBuildFile; fileRef = C8B884B9A1FFA6496D1A1DE6 /* CompositionComposerView.swift */; };
		7C364CDDB614F70FD1A0D86D /* LiveTabContent.swift in Sources */ = {isa = PBXBuildFile; fileRef = 2597F7B28427307A87198794 /* LiveTabContent.swift */; };
		7C8B21AB5A6FDA2FA2E6BED5 /* StorageUsageBar.swift in Sources */ = {isa = PBXBuildFile; fileRef = BDABB1E201B54674DFFC43E7 /* StorageUsageBar.swift */; };
		7EC3D4EACC4549DADAB8ED11 /* SoundLibraryView.swift in Sources */ = {isa = PBXBuildFile; fileRef = C763B393C86E9F1CD8AE4392 /* SoundLibraryView.swift */; };
		8044ABB2BF2C4C7E282F75F7 /* SceneManagementView.swift in Sources */ = {isa = PBXBuildFile; fileRef = 0B7E9682F1AA59646B67BDD9 /* SceneManagementView.swift */; };
		80A22C5BA4F8933F1006779C /* TheoryView.swift in Sources */ = {isa = PBXBuildFile; fileRef = B8882F60A69160E13C23E07C /* TheoryView.swift */; };
		81A9DF4DEF87ABCF374B5812 /* GuideDescriptionView.swift in Sources */ = {isa = PBXBuildFile; fileRef = B6E2F51CDF00A0B57FE9AEAB /* GuideDescriptionView.swift */; };
		8221EF11BECF58532DB56168 /* JamShackUI in Frameworks */ = {isa = PBXBuildFile; productRef = 157EBDB7071C5CB8E9074D52 /* JamShackUI */; };
		823FBBAF62B3E3378C8B8E18 /* RunScreenWindow.swift in Sources */ = {isa = PBXBuildFile; fileRef = 737D83A55D0D5B9052B92AE7 /* RunScreenWindow.swift */; };
		839F64EAAFE5F532EF58940B /* TrackChannelLabel.swift in Sources */ = {isa = PBXBuildFile; fileRef = B879BE0E843A4E0BF8940DEB /* TrackChannelLabel.swift */; };
		847D8A7872208ACF18F5A338 /* JamShackUI in Frameworks */ = {isa = PBXBuildFile; productRef = 3A5A8CA68CCCCAA28A365476 /* JamShackUI */; };
		84A0A5FA3CEB6B7C2D5E76AB /* Assets.xcassets in Resources */ = {isa = PBXBuildFile; fileRef = 04D7D71FEF77850B75E4B7B5 /* Assets.xcassets */; };
		860641F5E9BAE819CFB09341 /* ProgressionLibraryView.swift in Sources */ = {isa = PBXBuildFile; fileRef = 1A804FA9376E50827AA8019F /* ProgressionLibraryView.swift */; };
		8709F71477C329D65279EDAA /* Localization in Frameworks */ = {isa = PBXBuildFile; productRef = 263D3476D6FAF10646944B01 /* Localization */; };
		87ADB9547777D950541A8943 /* CompositionFileView.swift in Sources */ = {isa = PBXBuildFile; fileRef = BCD1C63D851BB483B73CD474 /* CompositionFileView.swift */; };
		8819D305E821C6CCF92964F1 /* GuideStepsSection.swift in Sources */ = {isa = PBXBuildFile; fileRef = 95942B8846FAA9B3ED42228B /* GuideStepsSection.swift */; };
		88EC7924F45626F0B0C0D401 /* SoundFontInfoSheet.swift in Sources */ = {isa = PBXBuildFile; fileRef = D18A6BE11EC3ADC166F77984 /* SoundFontInfoSheet.swift */; };
		892E182FD544C97884D7127F /* JamShackMIDIView.swift in Sources */ = {isa = PBXBuildFile; fileRef = 1F67D019D9BC8989A58A8E8A /* JamShackMIDIView.swift */; };
		897A61210AEA4F7FDEE6D699 /* RecordingFileView.swift in Sources */ = {isa = PBXBuildFile; fileRef = 43140D25200D4FC00530C882 /* RecordingFileView.swift */; };
		89FA5DA51B57871082FEFA6D /* JamShackColorsView.swift in Sources */ = {isa = PBXBuildFile; fileRef = C99CBF1FBD1605E7FEA1F5C3 /* JamShackColorsView.swift */; };
		8A60ECA5201E0084750BBA2A /* GuideLectureWindow.swift in Sources */ = {isa = PBXBuildFile; fileRef = 392B0B4CD11A65E3AE00FDA2 /* GuideLectureWindow.swift */; };
		8D7DE796D313009E1D5D9F11 /* GuideLectureView.swift in Sources */ = {isa = PBXBuildFile; fileRef = 8A903AE71C48BA50018C5E22 /* GuideLectureView.swift */; };
		8E7A90E2BE9987478689DCF2 /* SoundsView.swift in Sources */ = {isa = PBXBuildFile; fileRef = 4765E80FA8CA331E5728B0F0 /* SoundsView.swift */; };
		909FDDEF1B37DDFE810F6CAD /* GuideStepsSection.swift in Sources */ = {isa = PBXBuildFile; fileRef = 95942B8846FAA9B3ED42228B /* GuideStepsSection.swift */; };
		90BFF4640D21F4CC276236B5 /* FileDisplayName.swift in Sources */ = {isa = PBXBuildFile; fileRef = 9144B6EB7F1029254BDA64AB /* FileDisplayName.swift */; };
		95F0005F0AC3755B8AC07FB3 /* ServerControlsView.swift in Sources */ = {isa = PBXBuildFile; fileRef = 8AE00B5478A71F5B75E67AE6 /* ServerControlsView.swift */; };
		967E3BFE3151EDEE780BDE11 /* RunScreenWindow.swift in Sources */ = {isa = PBXBuildFile; fileRef = 737D83A55D0D5B9052B92AE7 /* RunScreenWindow.swift */; };
		9893DFDD8C95E0DA8FBB0207 /* TestModeColumn.swift in Sources */ = {isa = PBXBuildFile; fileRef = BF24B24B398EAFB82982ECC4 /* TestModeColumn.swift */; };
		996C6C5C6F6B690E76DAD4DD /* GuideEditionView.swift in Sources */ = {isa = PBXBuildFile; fileRef = 556A46486C82BF4F493BD822 /* GuideEditionView.swift */; };
		9A6D4E8F6192E6CC1225CCB2 /* ColorHex.swift in Sources */ = {isa = PBXBuildFile; fileRef = A80BD5958DD843BF49738DE9 /* ColorHex.swift */; };
		9BD7175879646171CA7BFB25 /* Localization in Frameworks */ = {isa = PBXBuildFile; productRef = E01C405FDA95346DCCD5782F /* Localization */; };
		9BDF72DB33B47E5C26350F59 /* SoundFontCatalogDetailView.swift in Sources */ = {isa = PBXBuildFile; fileRef = 2402C39126B093192FC0FF77 /* SoundFontCatalogDetailView.swift */; };
		9D45B86BF5CD2F41EA2CF0E4 /* SoundsView.swift in Sources */ = {isa = PBXBuildFile; fileRef = 4765E80FA8CA331E5728B0F0 /* SoundsView.swift */; };
		9E19FE61FA38DA28F8DD1F3B /* TheoryWindow.swift in Sources */ = {isa = PBXBuildFile; fileRef = 644B983658E125A8D42F09FD /* TheoryWindow.swift */; };
		9E9451535AD8DD856C8343A8 /* ServerControlsView.swift in Sources */ = {isa = PBXBuildFile; fileRef = 8AE00B5478A71F5B75E67AE6 /* ServerControlsView.swift */; };
		9EA52431C5A4D8F6B13D293A /* ComputerKeyboardWindow.swift in Sources */ = {isa = PBXBuildFile; fileRef = 425EE89B1471CD7198F934E0 /* ComputerKeyboardWindow.swift */; };
		A044C2621C5109FCA32DAEF5 /* GuideLectureWindow.swift in Sources */ = {isa = PBXBuildFile; fileRef = 392B0B4CD11A65E3AE00FDA2 /* GuideLectureWindow.swift */; };
		A0D70A7091E037DF7C3D35BD /* GuidePlayIndicationRow.swift in Sources */ = {isa = PBXBuildFile; fileRef = 4EA276BC19892B1D37813D15 /* GuidePlayIndicationRow.swift */; };
		A1B39769EE55232E63D6ACDE /* FavoriteSoundsView.swift in Sources */ = {isa = PBXBuildFile; fileRef = A848FC0E680010358B07FF10 /* FavoriteSoundsView.swift */; };
		A3AD3F2094069C0A4256BDC8 /* CompositionView.swift in Sources */ = {isa = PBXBuildFile; fileRef = 9678EC3E37F61041F0877632 /* CompositionView.swift */; };
		A42BBCF8F1E99FA7A334C4CF /* SceneFileView.swift in Sources */ = {isa = PBXBuildFile; fileRef = 2D4854E83A4DBE291EDAA3CC /* SceneFileView.swift */; };
		A5F11120F7CBB8AC967F3936 /* TheoryView.swift in Sources */ = {isa = PBXBuildFile; fileRef = B8882F60A69160E13C23E07C /* TheoryView.swift */; };
		A725173846870B29761E5981 /* ChordLibraryView.swift in Sources */ = {isa = PBXBuildFile; fileRef = F99F5AD2D2B255356B7BC32D /* ChordLibraryView.swift */; };
		A7CF018813E7ECCD396A5717 /* JamShackColorsView.swift in Sources */ = {isa = PBXBuildFile; fileRef = C99CBF1FBD1605E7FEA1F5C3 /* JamShackColorsView.swift */; };
		AC446451DBEB1E333A3C0E82 /* TheoryWindow.swift in Sources */ = {isa = PBXBuildFile; fileRef = 644B983658E125A8D42F09FD /* TheoryWindow.swift */; };
		ADA096D87B5CBACBB5E8B2B7 /* GuideView.swift in Sources */ = {isa = PBXBuildFile; fileRef = 1AE61DA02F48C19951B955F1 /* GuideView.swift */; };
		AE6CFDC12A0DF228AA95FB75 /* SoundFontInfoSheet.swift in Sources */ = {isa = PBXBuildFile; fileRef = D18A6BE11EC3ADC166F77984 /* SoundFontInfoSheet.swift */; };
		AE9F39EB072B95572BAAB60C /* PaletteEditorView.swift in Sources */ = {isa = PBXBuildFile; fileRef = 8D58534383002A55C5D49F9D /* PaletteEditorView.swift */; };
		AECB34D8EA6C8AD0329034AC /* GuideConfigurationView.swift in Sources */ = {isa = PBXBuildFile; fileRef = D26C37BCD338FB3890089C34 /* GuideConfigurationView.swift */; };
		B06ADEC66646207A42F6CC3E /* AppCore in Frameworks */ = {isa = PBXBuildFile; productRef = 3DDF4439EA9C3C2E97C49190 /* AppCore */; };
		B1582EDCECFBFA0602F14007 /* JamShackLanguageView.swift in Sources */ = {isa = PBXBuildFile; fileRef = DE39EAC785B1BF4AA9F44EDE /* JamShackLanguageView.swift */; };
		B3BEFD433A0B1B32F423302A /* PiecesPlayView.swift in Sources */ = {isa = PBXBuildFile; fileRef = A7171E005C138F689954FCE0 /* PiecesPlayView.swift */; };
		B58D6F16866C835C999DFA92 /* JamShackUI in Frameworks */ = {isa = PBXBuildFile; productRef = 87F816FA700F02A4EAC0B7EC /* JamShackUI */; };
		B59DF314E07D8821C2881B99 /* JamSessionView.swift in Sources */ = {isa = PBXBuildFile; fileRef = 44E28F5AF89E79FD7606B5CD /* JamSessionView.swift */; };
		B82F181EB1C90DFFBBCAD927 /* SceneLayoutWindow.swift in Sources */ = {isa = PBXBuildFile; fileRef = D3D77E2216CC7C9B43720B44 /* SceneLayoutWindow.swift */; };
		BA654EBBF11EDEDC04755933 /* TestModeColumn.swift in Sources */ = {isa = PBXBuildFile; fileRef = BF24B24B398EAFB82982ECC4 /* TestModeColumn.swift */; };
		BAB1C701AC9506CD9EF781D7 /* ServerControlsView.swift in Sources */ = {isa = PBXBuildFile; fileRef = 8AE00B5478A71F5B75E67AE6 /* ServerControlsView.swift */; };
		BCA1F9419457B861023D6282 /* CompositionView.swift in Sources */ = {isa = PBXBuildFile; fileRef = 9678EC3E37F61041F0877632 /* CompositionView.swift */; };
		BD79DC8327370EA3AB8DDC46 /* MicrophoneControlsView.swift in Sources */ = {isa = PBXBuildFile; fileRef = 83E3F3D6757C2084F069B255 /* MicrophoneControlsView.swift */; };
		BEA5AE67A7CCACEF5E5E736F /* JamShackAIView.swift in Sources */ = {isa = PBXBuildFile; fileRef = 13B3167768CB0DDEADFFF969 /* JamShackAIView.swift */; };
		C33A55FBA8141B020899B27F /* IconAssignmentButton.swift in Sources */ = {isa = PBXBuildFile; fileRef = 9DF506E12A5E6829884DCE65 /* IconAssignmentButton.swift */; };
		C441350505E48894B5559800 /* RecordingDetailView.swift in Sources */ = {isa = PBXBuildFile; fileRef = 71953E7D8E1B09B320DEFE6A /* RecordingDetailView.swift */; };
		C691C1B6EB044778674B03E2 /* SoundStorageView.swift in Sources */ = {isa = PBXBuildFile; fileRef = 678B28D74D8F68E83990603A /* SoundStorageView.swift */; };
		C716A5DC69D121C276897938 /* GuideEditionView.swift in Sources */ = {isa = PBXBuildFile; fileRef = 556A46486C82BF4F493BD822 /* GuideEditionView.swift */; };
		C89DAF3917ECA8916654FD89 /* GuideEditionView.swift in Sources */ = {isa = PBXBuildFile; fileRef = 556A46486C82BF4F493BD822 /* GuideEditionView.swift */; };
		CB2477B318E004B6DF438282 /* MicrophoneTabContent.swift in Sources */ = {isa = PBXBuildFile; fileRef = 894DEEB4D6B48B42F8EF8C94 /* MicrophoneTabContent.swift */; };
		CC6FCE2979B5735FDC3BBACA /* FavoriteSoundsView.swift in Sources */ = {isa = PBXBuildFile; fileRef = A848FC0E680010358B07FF10 /* FavoriteSoundsView.swift */; };
		CE4A31D9E5B7D74C417FE4B5 /* SoundFontCatalogDetailView.swift in Sources */ = {isa = PBXBuildFile; fileRef = 2402C39126B093192FC0FF77 /* SoundFontCatalogDetailView.swift */; };
		D0123CEFB4285A2713AC5576 /* TheoryWindow.swift in Sources */ = {isa = PBXBuildFile; fileRef = 644B983658E125A8D42F09FD /* TheoryWindow.swift */; };
		D13BC21858E149405A95056F /* CompositionComposerView.swift in Sources */ = {isa = PBXBuildFile; fileRef = C8B884B9A1FFA6496D1A1DE6 /* CompositionComposerView.swift */; };
		D195BDE47890B15BD893D303 /* GuideLectureView.swift in Sources */ = {isa = PBXBuildFile; fileRef = 8A903AE71C48BA50018C5E22 /* GuideLectureView.swift */; };
		D1A542BC7D7E156E0F21685F /* TrackChannelLabel.swift in Sources */ = {isa = PBXBuildFile; fileRef = B879BE0E843A4E0BF8940DEB /* TrackChannelLabel.swift */; };
		D8BEDC9D55768CC8B098F320 /* JamShackApp.swift in Sources */ = {isa = PBXBuildFile; fileRef = D5998490361DA6721A074DBB /* JamShackApp.swift */; };
		D963AFE30B258372652154F0 /* MicrophoneWindow.swift in Sources */ = {isa = PBXBuildFile; fileRef = E3BF0B0539CC79DB41666172 /* MicrophoneWindow.swift */; };
		DA5425C41460989F3435DF66 /* JamSessionView.swift in Sources */ = {isa = PBXBuildFile; fileRef = 44E28F5AF89E79FD7606B5CD /* JamSessionView.swift */; };
		DB253B1417DFC2F37611A328 /* SoundStorageView.swift in Sources */ = {isa = PBXBuildFile; fileRef = 678B28D74D8F68E83990603A /* SoundStorageView.swift */; };
		DB9FF12C667F6A75C419374B /* SoundTestModeController.swift in Sources */ = {isa = PBXBuildFile; fileRef = 94AD7FB4C8B8FC1856896486 /* SoundTestModeController.swift */; };
		DC2B7D9C6FB2E9C73EBC40F0 /* Localization in Frameworks */ = {isa = PBXBuildFile; productRef = 48309128F31160FB3C0EDB77 /* Localization */; };
		DC443C26D8BCA51941DD7E85 /* TrackChannelLabel.swift in Sources */ = {isa = PBXBuildFile; fileRef = B879BE0E843A4E0BF8940DEB /* TrackChannelLabel.swift */; };
		DD7A83AB76208132AF099757 /* PlaybackControlButton.swift in Sources */ = {isa = PBXBuildFile; fileRef = FA393FDD6590DDE0D1E4FAEF /* PlaybackControlButton.swift */; };
		DE4436B33AD885B08B6E0E84 /* JamShackApp.swift in Sources */ = {isa = PBXBuildFile; fileRef = D5998490361DA6721A074DBB /* JamShackApp.swift */; };
		DE754A12EE4D8EA7F6026199 /* GameCenterCoordinator.swift in Sources */ = {isa = PBXBuildFile; fileRef = 56783C5791125C49D8104883 /* GameCenterCoordinator.swift */; };
		DEB18C373A371D2E45A98E34 /* SoundLibraryView.swift in Sources */ = {isa = PBXBuildFile; fileRef = C763B393C86E9F1CD8AE4392 /* SoundLibraryView.swift */; };
		E182D86105890618BC2F4355 /* SceneFileView.swift in Sources */ = {isa = PBXBuildFile; fileRef = 2D4854E83A4DBE291EDAA3CC /* SceneFileView.swift */; };
		E207723CD7F95E3114B11027 /* JamShackMIDIView.swift in Sources */ = {isa = PBXBuildFile; fileRef = 1F67D019D9BC8989A58A8E8A /* JamShackMIDIView.swift */; };
		E4741CC44CDC1C3A7E6701C8 /* PiecesView.swift in Sources */ = {isa = PBXBuildFile; fileRef = 1DAE2E35B014C09B62C4CE0A /* PiecesView.swift */; };
		E593E2CAC517747A2ACCD198 /* MicrophoneTabContent.swift in Sources */ = {isa = PBXBuildFile; fileRef = 894DEEB4D6B48B42F8EF8C94 /* MicrophoneTabContent.swift */; };
		E6F4D058A195A5F627E41397 /* ComputerKeyboardWindow.swift in Sources */ = {isa = PBXBuildFile; fileRef = 425EE89B1471CD7198F934E0 /* ComputerKeyboardWindow.swift */; };
		EC8B892B4CA0DE1539FC11AE /* GuideFileView.swift in Sources */ = {isa = PBXBuildFile; fileRef = CC0EEDCEAF1C96726ACE9B17 /* GuideFileView.swift */; };
		ECB2191BCF20315A866F0F59 /* TheoryTabContent.swift in Sources */ = {isa = PBXBuildFile; fileRef = CEBDAE3CC92EC37EACBB1B1C /* TheoryTabContent.swift */; };
		EFC7F17F89F0B8DA703B4AD3 /* AppCore in Frameworks */ = {isa = PBXBuildFile; productRef = FAA934C8A384EC61D40B89BF /* AppCore */; };
		EFE1F540F63FE5F86C1CE27B /* RecordingFileView.swift in Sources */ = {isa = PBXBuildFile; fileRef = 43140D25200D4FC00530C882 /* RecordingFileView.swift */; };
		F033530298630608FBC8D452 /* CompositionComposerView.swift in Sources */ = {isa = PBXBuildFile; fileRef = C8B884B9A1FFA6496D1A1DE6 /* CompositionComposerView.swift */; };
		F069C2E7AFFA1D00E85D6D76 /* PiecesFileView.swift in Sources */ = {isa = PBXBuildFile; fileRef = FC0DA62416ED6B405EBDF8DF /* PiecesFileView.swift */; };
		F08F348DB63C1F25930AC00D /* PiecesView.swift in Sources */ = {isa = PBXBuildFile; fileRef = 1DAE2E35B014C09B62C4CE0A /* PiecesView.swift */; };
		F11E0AB4F55351FC8DA23065 /* NotationStyleSettingsView.swift in Sources */ = {isa = PBXBuildFile; fileRef = F399A09A42E00F69FE65879F /* NotationStyleSettingsView.swift */; };
		F1B775220E08B345D98C1E69 /* PlainDataDocument.swift in Sources */ = {isa = PBXBuildFile; fileRef = 61DBB868E875C6BD24CEA099 /* PlainDataDocument.swift */; };
		F24573892E8AD16FED18124A /* LiveTabContent.swift in Sources */ = {isa = PBXBuildFile; fileRef = 2597F7B28427307A87198794 /* LiveTabContent.swift */; };
		F25BEAE07D00B5537CCD3CA5 /* JamShackLanguageView.swift in Sources */ = {isa = PBXBuildFile; fileRef = DE39EAC785B1BF4AA9F44EDE /* JamShackLanguageView.swift */; };
		F297229E6AB3F58B8CC2C566 /* GuideFileView.swift in Sources */ = {isa = PBXBuildFile; fileRef = CC0EEDCEAF1C96726ACE9B17 /* GuideFileView.swift */; };
		F386C7B3E174F8629694C909 /* PlainDataDocument.swift in Sources */ = {isa = PBXBuildFile; fileRef = 61DBB868E875C6BD24CEA099 /* PlainDataDocument.swift */; };
		F395688D82E2FE573251A24B /* SoundStorageView.swift in Sources */ = {isa = PBXBuildFile; fileRef = 678B28D74D8F68E83990603A /* SoundStorageView.swift */; };
		F3B826D2F5438763061911B0 /* ChordLibraryView.swift in Sources */ = {isa = PBXBuildFile; fileRef = F99F5AD2D2B255356B7BC32D /* ChordLibraryView.swift */; };
		F4AF6C0D9D4B12C51E57ADDC /* ModeLibraryView.swift in Sources */ = {isa = PBXBuildFile; fileRef = 92D0CCE52D97231126907127 /* ModeLibraryView.swift */; };
		F4BCA1022A45EB2F0AA5D13D /* SoundFontCatalogCreditsView.swift in Sources */ = {isa = PBXBuildFile; fileRef = 42415FE3529106E7F227E1AF /* SoundFontCatalogCreditsView.swift */; };
		F6A508097CA52946658B6950 /* SceneManagementView.swift in Sources */ = {isa = PBXBuildFile; fileRef = 0B7E9682F1AA59646B67BDD9 /* SceneManagementView.swift */; };
		F7BD4C2C9E608E13889B5FF5 /* FavoriteSoundsView.swift in Sources */ = {isa = PBXBuildFile; fileRef = A848FC0E680010358B07FF10 /* FavoriteSoundsView.swift */; };
		F7C0752365B3789C683D024D /* ProgressionLibraryView.swift in Sources */ = {isa = PBXBuildFile; fileRef = 1A804FA9376E50827AA8019F /* ProgressionLibraryView.swift */; };
		FDEB0813C0AF62AA17C50FE9 /* ChordLibraryView.swift in Sources */ = {isa = PBXBuildFile; fileRef = F99F5AD2D2B255356B7BC32D /* ChordLibraryView.swift */; };
		FF9D4A6D4F4DE2A8249C1F5E /* IconAssignmentButton.swift in Sources */ = {isa = PBXBuildFile; fileRef = 9DF506E12A5E6829884DCE65 /* IconAssignmentButton.swift */; };
		FFE1363E4282F31709E33482 /* ColorHex.swift in Sources */ = {isa = PBXBuildFile; fileRef = A80BD5958DD843BF49738DE9 /* ColorHex.swift */; };
/* End PBXBuildFile section */

/* Begin PBXFileReference section */
		04D7D71FEF77850B75E4B7B5 /* Assets.xcassets */ = {isa = PBXFileReference; lastKnownFileType = folder.assetcatalog; path = Assets.xcassets; sourceTree = "<group>"; };
		0B7E9682F1AA59646B67BDD9 /* SceneManagementView.swift */ = {isa = PBXFileReference; lastKnownFileType = sourcecode.swift; path = SceneManagementView.swift; sourceTree = "<group>"; };
		11F2C88E605F1362E9CA1EEB /* MusicTheoryKit */ = {isa = PBXFileReference; lastKnownFileType = folder; name = MusicTheoryKit; path = ..; sourceTree = SOURCE_ROOT; };
		13B3167768CB0DDEADFFF969 /* JamShackAIView.swift */ = {isa = PBXFileReference; lastKnownFileType = sourcecode.swift; path = JamShackAIView.swift; sourceTree = "<group>"; };
		1A804FA9376E50827AA8019F /* ProgressionLibraryView.swift */ = {isa = PBXFileReference; lastKnownFileType = sourcecode.swift; path = ProgressionLibraryView.swift; sourceTree = "<group>"; };
		1AE61DA02F48C19951B955F1 /* GuideView.swift */ = {isa = PBXFileReference; lastKnownFileType = sourcecode.swift; path = GuideView.swift; sourceTree = "<group>"; };
		1DAE2E35B014C09B62C4CE0A /* PiecesView.swift */ = {isa = PBXFileReference; lastKnownFileType = sourcecode.swift; path = PiecesView.swift; sourceTree = "<group>"; };
		1F67D019D9BC8989A58A8E8A /* JamShackMIDIView.swift */ = {isa = PBXFileReference; lastKnownFileType = sourcecode.swift; path = JamShackMIDIView.swift; sourceTree = "<group>"; };
		2402C39126B093192FC0FF77 /* SoundFontCatalogDetailView.swift */ = {isa = PBXFileReference; lastKnownFileType = sourcecode.swift; path = SoundFontCatalogDetailView.swift; sourceTree = "<group>"; };
		2597F7B28427307A87198794 /* LiveTabContent.swift */ = {isa = PBXFileReference; lastKnownFileType = sourcecode.swift; path = LiveTabContent.swift; sourceTree = "<group>"; };
		2D4854E83A4DBE291EDAA3CC /* SceneFileView.swift */ = {isa = PBXFileReference; lastKnownFileType = sourcecode.swift; path = SceneFileView.swift; sourceTree = "<group>"; };
		3660910D82B153645C3C1930 /* JamShackApp.app */ = {isa = PBXFileReference; includeInIndex = 0; lastKnownFileType = wrapper.application; path = JamShackApp.app; sourceTree = BUILT_PRODUCTS_DIR; };
		392B0B4CD11A65E3AE00FDA2 /* GuideLectureWindow.swift */ = {isa = PBXFileReference; lastKnownFileType = sourcecode.swift; path = GuideLectureWindow.swift; sourceTree = "<group>"; };
		42415FE3529106E7F227E1AF /* SoundFontCatalogCreditsView.swift */ = {isa = PBXFileReference; lastKnownFileType = sourcecode.swift; path = SoundFontCatalogCreditsView.swift; sourceTree = "<group>"; };
		425EE89B1471CD7198F934E0 /* ComputerKeyboardWindow.swift */ = {isa = PBXFileReference; lastKnownFileType = sourcecode.swift; path = ComputerKeyboardWindow.swift; sourceTree = "<group>"; };
		43140D25200D4FC00530C882 /* RecordingFileView.swift */ = {isa = PBXFileReference; lastKnownFileType = sourcecode.swift; path = RecordingFileView.swift; sourceTree = "<group>"; };
		44E28F5AF89E79FD7606B5CD /* JamSessionView.swift */ = {isa = PBXFileReference; lastKnownFileType = sourcecode.swift; path = JamSessionView.swift; sourceTree = "<group>"; };
		4765E80FA8CA331E5728B0F0 /* SoundsView.swift */ = {isa = PBXFileReference; lastKnownFileType = sourcecode.swift; path = SoundsView.swift; sourceTree = "<group>"; };
		4A7D035FF241FE8B1971234F /* AppModel.swift */ = {isa = PBXFileReference; lastKnownFileType = sourcecode.swift; path = AppModel.swift; sourceTree = "<group>"; };
		4EA276BC19892B1D37813D15 /* GuidePlayIndicationRow.swift */ = {isa = PBXFileReference; lastKnownFileType = sourcecode.swift; path = GuidePlayIndicationRow.swift; sourceTree = "<group>"; };
		556A46486C82BF4F493BD822 /* GuideEditionView.swift */ = {isa = PBXFileReference; lastKnownFileType = sourcecode.swift; path = GuideEditionView.swift; sourceTree = "<group>"; };
		56783C5791125C49D8104883 /* GameCenterCoordinator.swift */ = {isa = PBXFileReference; lastKnownFileType = sourcecode.swift; path = GameCenterCoordinator.swift; sourceTree = "<group>"; };
		61DBB868E875C6BD24CEA099 /* PlainDataDocument.swift */ = {isa = PBXFileReference; lastKnownFileType = sourcecode.swift; path = PlainDataDocument.swift; sourceTree = "<group>"; };
		61EB999B2BB050D2A3FD5F3B /* RemoteNotificationDelegate.swift */ = {isa = PBXFileReference; lastKnownFileType = sourcecode.swift; path = RemoteNotificationDelegate.swift; sourceTree = "<group>"; };
		644B983658E125A8D42F09FD /* TheoryWindow.swift */ = {isa = PBXFileReference; lastKnownFileType = sourcecode.swift; path = TheoryWindow.swift; sourceTree = "<group>"; };
		678B28D74D8F68E83990603A /* SoundStorageView.swift */ = {isa = PBXFileReference; lastKnownFileType = sourcecode.swift; path = SoundStorageView.swift; sourceTree = "<group>"; };
		71953E7D8E1B09B320DEFE6A /* RecordingDetailView.swift */ = {isa = PBXFileReference; lastKnownFileType = sourcecode.swift; path = RecordingDetailView.swift; sourceTree = "<group>"; };
		737D83A55D0D5B9052B92AE7 /* RunScreenWindow.swift */ = {isa = PBXFileReference; lastKnownFileType = sourcecode.swift; path = RunScreenWindow.swift; sourceTree = "<group>"; };
		83E3F3D6757C2084F069B255 /* MicrophoneControlsView.swift */ = {isa = PBXFileReference; lastKnownFileType = sourcecode.swift; path = MicrophoneControlsView.swift; sourceTree = "<group>"; };
		85845D37B71BB8E94BC0A6E4 /* ContentView.swift */ = {isa = PBXFileReference; lastKnownFileType = sourcecode.swift; path = ContentView.swift; sourceTree = "<group>"; };
		894DEEB4D6B48B42F8EF8C94 /* MicrophoneTabContent.swift */ = {isa = PBXFileReference; lastKnownFileType = sourcecode.swift; path = MicrophoneTabContent.swift; sourceTree = "<group>"; };
		8A903AE71C48BA50018C5E22 /* GuideLectureView.swift */ = {isa = PBXFileReference; lastKnownFileType = sourcecode.swift; path = GuideLectureView.swift; sourceTree = "<group>"; };
		8AE00B5478A71F5B75E67AE6 /* ServerControlsView.swift */ = {isa = PBXFileReference; lastKnownFileType = sourcecode.swift; path = ServerControlsView.swift; sourceTree = "<group>"; };
		8D58534383002A55C5D49F9D /* PaletteEditorView.swift */ = {isa = PBXFileReference; lastKnownFileType = sourcecode.swift; path = PaletteEditorView.swift; sourceTree = "<group>"; };
		8E99978CED2C145262C1B3B4 /* RecordingsView.swift */ = {isa = PBXFileReference; lastKnownFileType = sourcecode.swift; path = RecordingsView.swift; sourceTree = "<group>"; };
		9144B6EB7F1029254BDA64AB /* FileDisplayName.swift */ = {isa = PBXFileReference; lastKnownFileType = sourcecode.swift; path = FileDisplayName.swift; sourceTree = "<group>"; };
		92D0CCE52D97231126907127 /* ModeLibraryView.swift */ = {isa = PBXFileReference; lastKnownFileType = sourcecode.swift; path = ModeLibraryView.swift; sourceTree = "<group>"; };
		94AD7FB4C8B8FC1856896486 /* SoundTestModeController.swift */ = {isa = PBXFileReference; lastKnownFileType = sourcecode.swift; path = SoundTestModeController.swift; sourceTree = "<group>"; };
		95942B8846FAA9B3ED42228B /* GuideStepsSection.swift */ = {isa = PBXFileReference; lastKnownFileType = sourcecode.swift; path = GuideStepsSection.swift; sourceTree = "<group>"; };
		9678EC3E37F61041F0877632 /* CompositionView.swift */ = {isa = PBXFileReference; lastKnownFileType = sourcecode.swift; path = CompositionView.swift; sourceTree = "<group>"; };
		9DF506E12A5E6829884DCE65 /* IconAssignmentButton.swift */ = {isa = PBXFileReference; lastKnownFileType = sourcecode.swift; path = IconAssignmentButton.swift; sourceTree = "<group>"; };
		A7171E005C138F689954FCE0 /* PiecesPlayView.swift */ = {isa = PBXFileReference; lastKnownFileType = sourcecode.swift; path = PiecesPlayView.swift; sourceTree = "<group>"; };
		A80BD5958DD843BF49738DE9 /* ColorHex.swift */ = {isa = PBXFileReference; lastKnownFileType = sourcecode.swift; path = ColorHex.swift; sourceTree = "<group>"; };
		A848FC0E680010358B07FF10 /* FavoriteSoundsView.swift */ = {isa = PBXFileReference; lastKnownFileType = sourcecode.swift; path = FavoriteSoundsView.swift; sourceTree = "<group>"; };
		A8542DB3109F0EE2C04FFBC1 /* SoundFontCatalogView.swift */ = {isa = PBXFileReference; lastKnownFileType = sourcecode.swift; path = SoundFontCatalogView.swift; sourceTree = "<group>"; };
		AC498287531CCB5772C1258B /* SceneLayoutView.swift */ = {isa = PBXFileReference; lastKnownFileType = sourcecode.swift; path = SceneLayoutView.swift; sourceTree = "<group>"; };
		ACB2E6D6180EE0915C04B78D /* JamShackApp.app */ = {isa = PBXFileReference; includeInIndex = 0; lastKnownFileType = wrapper.application; path = JamShackApp.app; sourceTree = BUILT_PRODUCTS_DIR; };
		B6E2F51CDF00A0B57FE9AEAB /* GuideDescriptionView.swift */ = {isa = PBXFileReference; lastKnownFileType = sourcecode.swift; path = GuideDescriptionView.swift; sourceTree = "<group>"; };
		B879BE0E843A4E0BF8940DEB /* TrackChannelLabel.swift */ = {isa = PBXFileReference; lastKnownFileType = sourcecode.swift; path = TrackChannelLabel.swift; sourceTree = "<group>"; };
		B8882F60A69160E13C23E07C /* TheoryView.swift */ = {isa = PBXFileReference; lastKnownFileType = sourcecode.swift; path = TheoryView.swift; sourceTree = "<group>"; };
		BCD1C63D851BB483B73CD474 /* CompositionFileView.swift */ = {isa = PBXFileReference; lastKnownFileType = sourcecode.swift; path = CompositionFileView.swift; sourceTree = "<group>"; };
		BDABB1E201B54674DFFC43E7 /* StorageUsageBar.swift */ = {isa = PBXFileReference; lastKnownFileType = sourcecode.swift; path = StorageUsageBar.swift; sourceTree = "<group>"; };
		BF24B24B398EAFB82982ECC4 /* TestModeColumn.swift */ = {isa = PBXFileReference; lastKnownFileType = sourcecode.swift; path = TestModeColumn.swift; sourceTree = "<group>"; };
		C05344F7C49061FB32C682B1 /* JamShackApp.app */ = {isa = PBXFileReference; explicitFileType = wrapper.application; includeInIndex = 0; path = JamShackApp.app; sourceTree = BUILT_PRODUCTS_DIR; };
		C763B393C86E9F1CD8AE4392 /* SoundLibraryView.swift */ = {isa = PBXFileReference; lastKnownFileType = sourcecode.swift; path = SoundLibraryView.swift; sourceTree = "<group>"; };
		C8B884B9A1FFA6496D1A1DE6 /* CompositionComposerView.swift */ = {isa = PBXFileReference; lastKnownFileType = sourcecode.swift; path = CompositionComposerView.swift; sourceTree = "<group>"; };
		C99CBF1FBD1605E7FEA1F5C3 /* JamShackColorsView.swift */ = {isa = PBXFileReference; lastKnownFileType = sourcecode.swift; path = JamShackColorsView.swift; sourceTree = "<group>"; };
		CC0EEDCEAF1C96726ACE9B17 /* GuideFileView.swift */ = {isa = PBXFileReference; lastKnownFileType = sourcecode.swift; path = GuideFileView.swift; sourceTree = "<group>"; };
		CEBDAE3CC92EC37EACBB1B1C /* TheoryTabContent.swift */ = {isa = PBXFileReference; lastKnownFileType = sourcecode.swift; path = TheoryTabContent.swift; sourceTree = "<group>"; };
		D18A6BE11EC3ADC166F77984 /* SoundFontInfoSheet.swift */ = {isa = PBXFileReference; lastKnownFileType = sourcecode.swift; path = SoundFontInfoSheet.swift; sourceTree = "<group>"; };
		D26C37BCD338FB3890089C34 /* GuideConfigurationView.swift */ = {isa = PBXFileReference; lastKnownFileType = sourcecode.swift; path = GuideConfigurationView.swift; sourceTree = "<group>"; };
		D3D77E2216CC7C9B43720B44 /* SceneLayoutWindow.swift */ = {isa = PBXFileReference; lastKnownFileType = sourcecode.swift; path = SceneLayoutWindow.swift; sourceTree = "<group>"; };
		D5998490361DA6721A074DBB /* JamShackApp.swift */ = {isa = PBXFileReference; lastKnownFileType = sourcecode.swift; path = JamShackApp.swift; sourceTree = "<group>"; };
		DE39EAC785B1BF4AA9F44EDE /* JamShackLanguageView.swift */ = {isa = PBXFileReference; lastKnownFileType = sourcecode.swift; path = JamShackLanguageView.swift; sourceTree = "<group>"; };
		DE90A4A7D561D191DF3EDBE8 /* SessionGatedView.swift */ = {isa = PBXFileReference; lastKnownFileType = sourcecode.swift; path = SessionGatedView.swift; sourceTree = "<group>"; };
		E3BF0B0539CC79DB41666172 /* MicrophoneWindow.swift */ = {isa = PBXFileReference; lastKnownFileType = sourcecode.swift; path = MicrophoneWindow.swift; sourceTree = "<group>"; };
		F399A09A42E00F69FE65879F /* NotationStyleSettingsView.swift */ = {isa = PBXFileReference; lastKnownFileType = sourcecode.swift; path = NotationStyleSettingsView.swift; sourceTree = "<group>"; };
		F99F5AD2D2B255356B7BC32D /* ChordLibraryView.swift */ = {isa = PBXFileReference; lastKnownFileType = sourcecode.swift; path = ChordLibraryView.swift; sourceTree = "<group>"; };
		FA393FDD6590DDE0D1E4FAEF /* PlaybackControlButton.swift */ = {isa = PBXFileReference; lastKnownFileType = sourcecode.swift; path = PlaybackControlButton.swift; sourceTree = "<group>"; };
		FC0DA62416ED6B405EBDF8DF /* PiecesFileView.swift */ = {isa = PBXFileReference; lastKnownFileType = sourcecode.swift; path = PiecesFileView.swift; sourceTree = "<group>"; };
/* End PBXFileReference section */

/* Begin PBXFrameworksBuildPhase section */
		3D2DCD6FE4C3FCBDC2526BDF /* Frameworks */ = {
			isa = PBXFrameworksBuildPhase;
			buildActionMask = 2147483647;
			files = (
				B58D6F16866C835C999DFA92 /* JamShackUI in Frameworks */,
				5CBF610F3E1F2E9AEF2F0200 /* AppCore in Frameworks */,
				9BD7175879646171CA7BFB25 /* Localization in Frameworks */,
			);
			runOnlyForDeploymentPostprocessing = 0;
		};
		6B443BCDAB495A3736679A23 /* Frameworks */ = {
			isa = PBXFrameworksBuildPhase;
			buildActionMask = 2147483647;
			files = (
				847D8A7872208ACF18F5A338 /* JamShackUI in Frameworks */,
				EFC7F17F89F0B8DA703B4AD3 /* AppCore in Frameworks */,
				8709F71477C329D65279EDAA /* Localization in Frameworks */,
			);
			runOnlyForDeploymentPostprocessing = 0;
		};
		99F197181D2EF1D19B513076 /* Frameworks */ = {
			isa = PBXFrameworksBuildPhase;
			buildActionMask = 2147483647;
			files = (
				8221EF11BECF58532DB56168 /* JamShackUI in Frameworks */,
				B06ADEC66646207A42F6CC3E /* AppCore in Frameworks */,
				DC2B7D9C6FB2E9C73EBC40F0 /* Localization in Frameworks */,
			);
			runOnlyForDeploymentPostprocessing = 0;
		};
/* End PBXFrameworksBuildPhase section */

/* Begin PBXGroup section */
		347D802E12657ED17AAF9653 /* Products */ = {
			isa = PBXGroup;
			children = (
				ACB2E6D6180EE0915C04B78D /* JamShackApp.app */,
				C05344F7C49061FB32C682B1 /* JamShackApp.app */,
				3660910D82B153645C3C1930 /* JamShackApp.app */,
			);
			name = Products;
			sourceTree = "<group>";
		};
		6F464A951CE99F1AAA2633DC /* Windows */ = {
			isa = PBXGroup;
			children = (
				425EE89B1471CD7198F934E0 /* ComputerKeyboardWindow.swift */,
				392B0B4CD11A65E3AE00FDA2 /* GuideLectureWindow.swift */,
				E3BF0B0539CC79DB41666172 /* MicrophoneWindow.swift */,
				737D83A55D0D5B9052B92AE7 /* RunScreenWindow.swift */,
				D3D77E2216CC7C9B43720B44 /* SceneLayoutWindow.swift */,
				644B983658E125A8D42F09FD /* TheoryWindow.swift */,
			);
			path = Windows;
			sourceTree = "<group>";
		};
		95AD2A689F9027466D496CA0 /* Sources */ = {
			isa = PBXGroup;
			children = (
				4A7D035FF241FE8B1971234F /* AppModel.swift */,
				04D7D71FEF77850B75E4B7B5 /* Assets.xcassets */,
				F99F5AD2D2B255356B7BC32D /* ChordLibraryView.swift */,
				A80BD5958DD843BF49738DE9 /* ColorHex.swift */,
				C8B884B9A1FFA6496D1A1DE6 /* CompositionComposerView.swift */,
				BCD1C63D851BB483B73CD474 /* CompositionFileView.swift */,
				9678EC3E37F61041F0877632 /* CompositionView.swift */,
				85845D37B71BB8E94BC0A6E4 /* ContentView.swift */,
				A848FC0E680010358B07FF10 /* FavoriteSoundsView.swift */,
				9144B6EB7F1029254BDA64AB /* FileDisplayName.swift */,
				56783C5791125C49D8104883 /* GameCenterCoordinator.swift */,
				D26C37BCD338FB3890089C34 /* GuideConfigurationView.swift */,
				B6E2F51CDF00A0B57FE9AEAB /* GuideDescriptionView.swift */,
				556A46486C82BF4F493BD822 /* GuideEditionView.swift */,
				CC0EEDCEAF1C96726ACE9B17 /* GuideFileView.swift */,
				8A903AE71C48BA50018C5E22 /* GuideLectureView.swift */,
				4EA276BC19892B1D37813D15 /* GuidePlayIndicationRow.swift */,
				95942B8846FAA9B3ED42228B /* GuideStepsSection.swift */,
				1AE61DA02F48C19951B955F1 /* GuideView.swift */,
				9DF506E12A5E6829884DCE65 /* IconAssignmentButton.swift */,
				44E28F5AF89E79FD7606B5CD /* JamSessionView.swift */,
				13B3167768CB0DDEADFFF969 /* JamShackAIView.swift */,
				D5998490361DA6721A074DBB /* JamShackApp.swift */,
				C99CBF1FBD1605E7FEA1F5C3 /* JamShackColorsView.swift */,
				DE39EAC785B1BF4AA9F44EDE /* JamShackLanguageView.swift */,
				1F67D019D9BC8989A58A8E8A /* JamShackMIDIView.swift */,
				2597F7B28427307A87198794 /* LiveTabContent.swift */,
				83E3F3D6757C2084F069B255 /* MicrophoneControlsView.swift */,
				894DEEB4D6B48B42F8EF8C94 /* MicrophoneTabContent.swift */,
				92D0CCE52D97231126907127 /* ModeLibraryView.swift */,
				F399A09A42E00F69FE65879F /* NotationStyleSettingsView.swift */,
				8D58534383002A55C5D49F9D /* PaletteEditorView.swift */,
				FC0DA62416ED6B405EBDF8DF /* PiecesFileView.swift */,
				A7171E005C138F689954FCE0 /* PiecesPlayView.swift */,
				1DAE2E35B014C09B62C4CE0A /* PiecesView.swift */,
				61DBB868E875C6BD24CEA099 /* PlainDataDocument.swift */,
				FA393FDD6590DDE0D1E4FAEF /* PlaybackControlButton.swift */,
				1A804FA9376E50827AA8019F /* ProgressionLibraryView.swift */,
				71953E7D8E1B09B320DEFE6A /* RecordingDetailView.swift */,
				43140D25200D4FC00530C882 /* RecordingFileView.swift */,
				8E99978CED2C145262C1B3B4 /* RecordingsView.swift */,
				61EB999B2BB050D2A3FD5F3B /* RemoteNotificationDelegate.swift */,
				2D4854E83A4DBE291EDAA3CC /* SceneFileView.swift */,
				AC498287531CCB5772C1258B /* SceneLayoutView.swift */,
				0B7E9682F1AA59646B67BDD9 /* SceneManagementView.swift */,
				8AE00B5478A71F5B75E67AE6 /* ServerControlsView.swift */,
				DE90A4A7D561D191DF3EDBE8 /* SessionGatedView.swift */,
				42415FE3529106E7F227E1AF /* SoundFontCatalogCreditsView.swift */,
				2402C39126B093192FC0FF77 /* SoundFontCatalogDetailView.swift */,
				A8542DB3109F0EE2C04FFBC1 /* SoundFontCatalogView.swift */,
				D18A6BE11EC3ADC166F77984 /* SoundFontInfoSheet.swift */,
				C763B393C86E9F1CD8AE4392 /* SoundLibraryView.swift */,
				678B28D74D8F68E83990603A /* SoundStorageView.swift */,
				4765E80FA8CA331E5728B0F0 /* SoundsView.swift */,
				94AD7FB4C8B8FC1856896486 /* SoundTestModeController.swift */,
				BDABB1E201B54674DFFC43E7 /* StorageUsageBar.swift */,
				BF24B24B398EAFB82982ECC4 /* TestModeColumn.swift */,
				CEBDAE3CC92EC37EACBB1B1C /* TheoryTabContent.swift */,
				B8882F60A69160E13C23E07C /* TheoryView.swift */,
				B879BE0E843A4E0BF8940DEB /* TrackChannelLabel.swift */,
				6F464A951CE99F1AAA2633DC /* Windows */,
			);
			path = Sources;
			sourceTree = "<group>";
		};
		BDA2B7ED1AC6D6AA00665DA0 /* Packages */ = {
			isa = PBXGroup;
			children = (
				11F2C88E605F1362E9CA1EEB /* MusicTheoryKit */,
			);
			name = Packages;
			sourceTree = "<group>";
		};
		FA4548DCE3BF2BEBF9429AC1 = {
			isa = PBXGroup;
			children = (
				BDA2B7ED1AC6D6AA00665DA0 /* Packages */,
				95AD2A689F9027466D496CA0 /* Sources */,
				347D802E12657ED17AAF9653 /* Products */,
			);
			sourceTree = "<group>";
		};
/* End PBXGroup section */

/* Begin PBXNativeTarget section */
		2AB6E52965ABE3578DA6D26F /* JamShackApp_visionOS */ = {
			isa = PBXNativeTarget;
			buildConfigurationList = 9ABA4C9F48F0B1EDF0D7F758 /* Build configuration list for PBXNativeTarget "JamShackApp_visionOS" */;
			buildPhases = (
				3BD134297C48BD979750DD55 /* Sources */,
				63EAE3A585E819BC5D000233 /* Resources */,
				99F197181D2EF1D19B513076 /* Frameworks */,
			);
			buildRules = (
			);
			dependencies = (
			);
			name = JamShackApp_visionOS;
			packageProductDependencies = (
				157EBDB7071C5CB8E9074D52 /* JamShackUI */,
				3DDF4439EA9C3C2E97C49190 /* AppCore */,
				48309128F31160FB3C0EDB77 /* Localization */,
			);
			productName = JamShackApp_visionOS;
			productReference = 3660910D82B153645C3C1930 /* JamShackApp.app */;
			productType = "com.apple.product-type.application";
		};
		EDB359A90F03C37144C8B096 /* JamShackApp_iOS */ = {
			isa = PBXNativeTarget;
			buildConfigurationList = 1C55C5455BC1FE3915FA586C /* Build configuration list for PBXNativeTarget "JamShackApp_iOS" */;
			buildPhases = (
				55D1154F87AF783D70706EEB /* Sources */,
				3C161D350C41CE8C0A3C6F0E /* Resources */,
				3D2DCD6FE4C3FCBDC2526BDF /* Frameworks */,
			);
			buildRules = (
			);
			dependencies = (
			);
			name = JamShackApp_iOS;
			packageProductDependencies = (
				87F816FA700F02A4EAC0B7EC /* JamShackUI */,
				69847B491F4CE42354F05B6F /* AppCore */,
				E01C405FDA95346DCCD5782F /* Localization */,
			);
			productName = JamShackApp_iOS;
			productReference = ACB2E6D6180EE0915C04B78D /* JamShackApp.app */;
			productType = "com.apple.product-type.application";
		};
		F288464C9A2E64AB332C2C95 /* JamShackApp_macOS */ = {
			isa = PBXNativeTarget;
			buildConfigurationList = 183D1973CCA59E8342E855EA /* Build configuration list for PBXNativeTarget "JamShackApp_macOS" */;
			buildPhases = (
				12237D5A99CFA37DF7700FE2 /* Sources */,
				BCEA68A838BE3C1D096F2E27 /* Resources */,
				6B443BCDAB495A3736679A23 /* Frameworks */,
			);
			buildRules = (
			);
			dependencies = (
			);
			name = JamShackApp_macOS;
			packageProductDependencies = (
				3A5A8CA68CCCCAA28A365476 /* JamShackUI */,
				FAA934C8A384EC61D40B89BF /* AppCore */,
				263D3476D6FAF10646944B01 /* Localization */,
			);
			productName = JamShackApp_macOS;
			productReference = C05344F7C49061FB32C682B1 /* JamShackApp.app */;
			productType = "com.apple.product-type.application";
		};
/* End PBXNativeTarget section */

/* Begin PBXProject section */
		5C69DDDF674F41E6050001DA /* Project object */ = {
			isa = PBXProject;
			attributes = {
				BuildIndependentTargetsInParallel = YES;
				LastUpgradeCheck = 1430;
				TargetAttributes = {
					2AB6E52965ABE3578DA6D26F = {
						DevelopmentTeam = T2L9QQQ4PL;
					};
					EDB359A90F03C37144C8B096 = {
						DevelopmentTeam = T2L9QQQ4PL;
					};
					F288464C9A2E64AB332C2C95 = {
						DevelopmentTeam = T2L9QQQ4PL;
					};
				};
			};
			buildConfigurationList = 71EABA9A79435D9019306CD6 /* Build configuration list for PBXProject "JamShackApp" */;
			developmentRegion = en;
			hasScannedForEncodings = 0;
			knownRegions = (
				Base,
				en,
			);
			mainGroup = FA4548DCE3BF2BEBF9429AC1;
			minimizedProjectReferenceProxies = 1;
			packageReferences = (
				34C46DF813380652240AF358 /* XCLocalSwiftPackageReference ".." */,
			);
			preferredProjectObjectVersion = 77;
			productRefGroup = 347D802E12657ED17AAF9653 /* Products */;
			projectDirPath = "";
			projectRoot = "";
			targets = (
				EDB359A90F03C37144C8B096 /* JamShackApp_iOS */,
				F288464C9A2E64AB332C2C95 /* JamShackApp_macOS */,
				2AB6E52965ABE3578DA6D26F /* JamShackApp_visionOS */,
			);
		};
/* End PBXProject section */

/* Begin PBXResourcesBuildPhase section */
		3C161D350C41CE8C0A3C6F0E /* Resources */ = {
			isa = PBXResourcesBuildPhase;
			buildActionMask = 2147483647;
			files = (
				67CCA36685B322EFBE37923F /* Assets.xcassets in Resources */,
			);
			runOnlyForDeploymentPostprocessing = 0;
		};
		63EAE3A585E819BC5D000233 /* Resources */ = {
			isa = PBXResourcesBuildPhase;
			buildActionMask = 2147483647;
			files = (
				48F0B9D8C3E50EFE179FD8A4 /* Assets.xcassets in Resources */,
			);
			runOnlyForDeploymentPostprocessing = 0;
		};
		BCEA68A838BE3C1D096F2E27 /* Resources */ = {
			isa = PBXResourcesBuildPhase;
			buildActionMask = 2147483647;
			files = (
				84A0A5FA3CEB6B7C2D5E76AB /* Assets.xcassets in Resources */,
			);
			runOnlyForDeploymentPostprocessing = 0;
		};
/* End PBXResourcesBuildPhase section */

/* Begin PBXSourcesBuildPhase section */
		12237D5A99CFA37DF7700FE2 /* Sources */ = {
			isa = PBXSourcesBuildPhase;
			buildActionMask = 2147483647;
			files = (
				5BE54ED2E6965DC97380C0E3 /* AppModel.swift in Sources */,
				F3B826D2F5438763061911B0 /* ChordLibraryView.swift in Sources */,
				51DECC108DA490A5C2D4A1F3 /* ColorHex.swift in Sources */,
				7BD222D7E9E9F200C5547F58 /* CompositionComposerView.swift in Sources */,
				577625AA73822F8E4B000BF0 /* CompositionFileView.swift in Sources */,
				BCA1F9419457B861023D6282 /* CompositionView.swift in Sources */,
				9EA52431C5A4D8F6B13D293A /* ComputerKeyboardWindow.swift in Sources */,
				68C6FE5177D67E4E3CAC7446 /* ContentView.swift in Sources */,
				A1B39769EE55232E63D6ACDE /* FavoriteSoundsView.swift in Sources */,
				13DBE3AB0C3614B6F8D37BE1 /* FileDisplayName.swift in Sources */,
				DE754A12EE4D8EA7F6026199 /* GameCenterCoordinator.swift in Sources */,
				AECB34D8EA6C8AD0329034AC /* GuideConfigurationView.swift in Sources */,
				591A99B18A4B87B7EC3CD7A2 /* GuideDescriptionView.swift in Sources */,
				996C6C5C6F6B690E76DAD4DD /* GuideEditionView.swift in Sources */,
				EC8B892B4CA0DE1539FC11AE /* GuideFileView.swift in Sources */,
				8D7DE796D313009E1D5D9F11 /* GuideLectureView.swift in Sources */,
				8A60ECA5201E0084750BBA2A /* GuideLectureWindow.swift in Sources */,
				143F82B51732D9FC35633767 /* GuidePlayIndicationRow.swift in Sources */,
				909FDDEF1B37DDFE810F6CAD /* GuideStepsSection.swift in Sources */,
				3D9A4A9A9A91CE71B7CD7525 /* GuideView.swift in Sources */,
				57E075DA1FCD4D568E942FE8 /* IconAssignmentButton.swift in Sources */,
				B59DF314E07D8821C2881B99 /* JamSessionView.swift in Sources */,
				BEA5AE67A7CCACEF5E5E736F /* JamShackAIView.swift in Sources */,
				4B891030B381AABC680DEB7A /* JamShackApp.swift in Sources */,
				6DFBB4E9B841927603BEE0F7 /* JamShackColorsView.swift in Sources */,
				F25BEAE07D00B5537CCD3CA5 /* JamShackLanguageView.swift in Sources */,
				E207723CD7F95E3114B11027 /* JamShackMIDIView.swift in Sources */,
				F24573892E8AD16FED18124A /* LiveTabContent.swift in Sources */,
				4BF48752328F746D8FCF5953 /* MicrophoneControlsView.swift in Sources */,
				E593E2CAC517747A2ACCD198 /* MicrophoneTabContent.swift in Sources */,
				0C882674D58F6504D7C1FA56 /* MicrophoneWindow.swift in Sources */,
				4718D979D4D3D67A1DDD8636 /* ModeLibraryView.swift in Sources */,
				38F552870D3837F3930B9E0D /* NotationStyleSettingsView.swift in Sources */,
				303D7201D5131E7A9DF4AAD6 /* PaletteEditorView.swift in Sources */,
				F069C2E7AFFA1D00E85D6D76 /* PiecesFileView.swift in Sources */,
				066DB6ECE6F1061FC797DF56 /* PiecesPlayView.swift in Sources */,
				F08F348DB63C1F25930AC00D /* PiecesView.swift in Sources */,
				F1B775220E08B345D98C1E69 /* PlainDataDocument.swift in Sources */,
				2636F5B565CF2E54B614292F /* PlaybackControlButton.swift in Sources */,
				F7C0752365B3789C683D024D /* ProgressionLibraryView.swift in Sources */,
				C441350505E48894B5559800 /* RecordingDetailView.swift in Sources */,
				EFE1F540F63FE5F86C1CE27B /* RecordingFileView.swift in Sources */,
				4BB6D21B8D92741E91EA8936 /* RecordingsView.swift in Sources */,
				3F1965A4076A70B46D629A59 /* RemoteNotificationDelegate.swift in Sources */,
				823FBBAF62B3E3378C8B8E18 /* RunScreenWindow.swift in Sources */,
				E182D86105890618BC2F4355 /* SceneFileView.swift in Sources */,
				280A9ECBDACA278B699919B9 /* SceneLayoutView.swift in Sources */,
				B82F181EB1C90DFFBBCAD927 /* SceneLayoutWindow.swift in Sources */,
				8044ABB2BF2C4C7E282F75F7 /* SceneManagementView.swift in Sources */,
				95F0005F0AC3755B8AC07FB3 /* ServerControlsView.swift in Sources */,
				7A955D0C73A6969B155BCB05 /* SessionGatedView.swift in Sources */,
				F4BCA1022A45EB2F0AA5D13D /* SoundFontCatalogCreditsView.swift in Sources */,
				408E126833D9A8B7BA74CFAF /* SoundFontCatalogDetailView.swift in Sources */,
				15823703532686284A73C64B /* SoundFontCatalogView.swift in Sources */,
				2A015AE58FE5376FF9FDB5BB /* SoundFontInfoSheet.swift in Sources */,
				DEB18C373A371D2E45A98E34 /* SoundLibraryView.swift in Sources */,
				F395688D82E2FE573251A24B /* SoundStorageView.swift in Sources */,
				2B5C61EFDA7059C1DCF161E0 /* SoundTestModeController.swift in Sources */,
				8E7A90E2BE9987478689DCF2 /* SoundsView.swift in Sources */,
				77FBDFE2727587CEBAE10BAC /* StorageUsageBar.swift in Sources */,
				0A79741651EDD5CC1118DE83 /* TestModeColumn.swift in Sources */,
				56AA55976C81AAF973091F3C /* TheoryTabContent.swift in Sources */,
				80A22C5BA4F8933F1006779C /* TheoryView.swift in Sources */,
				AC446451DBEB1E333A3C0E82 /* TheoryWindow.swift in Sources */,
				839F64EAAFE5F532EF58940B /* TrackChannelLabel.swift in Sources */,
			);
			runOnlyForDeploymentPostprocessing = 0;
		};
		3BD134297C48BD979750DD55 /* Sources */ = {
			isa = PBXSourcesBuildPhase;
			buildActionMask = 2147483647;
			files = (
				5F162AD3573A70DCDA49F626 /* AppModel.swift in Sources */,
				FDEB0813C0AF62AA17C50FE9 /* ChordLibraryView.swift in Sources */,
				9A6D4E8F6192E6CC1225CCB2 /* ColorHex.swift in Sources */,
				D13BC21858E149405A95056F /* CompositionComposerView.swift in Sources */,
				5C0FEAB0F69DD3A7CCCE0729 /* CompositionFileView.swift in Sources */,
				1E320F17AB936D2D199DA586 /* CompositionView.swift in Sources */,
				06CEF7FF7580C390D568769E /* ComputerKeyboardWindow.swift in Sources */,
				7B4B896B1D031A7874563884 /* ContentView.swift in Sources */,
				CC6FCE2979B5735FDC3BBACA /* FavoriteSoundsView.swift in Sources */,
				90BFF4640D21F4CC276236B5 /* FileDisplayName.swift in Sources */,
				600331554FB340525901983B /* GameCenterCoordinator.swift in Sources */,
				6324AFC9F01E91268680227B /* GuideConfigurationView.swift in Sources */,
				3684ED3623D6C6C0954FA999 /* GuideDescriptionView.swift in Sources */,
				C89DAF3917ECA8916654FD89 /* GuideEditionView.swift in Sources */,
				59E264563F1D6BD0334FB777 /* GuideFileView.swift in Sources */,
				D195BDE47890B15BD893D303 /* GuideLectureView.swift in Sources */,
				A044C2621C5109FCA32DAEF5 /* GuideLectureWindow.swift in Sources */,
				A0D70A7091E037DF7C3D35BD /* GuidePlayIndicationRow.swift in Sources */,
				8819D305E821C6CCF92964F1 /* GuideStepsSection.swift in Sources */,
				ADA096D87B5CBACBB5E8B2B7 /* GuideView.swift in Sources */,
				FF9D4A6D4F4DE2A8249C1F5E /* IconAssignmentButton.swift in Sources */,
				DA5425C41460989F3435DF66 /* JamSessionView.swift in Sources */,
				2B4B5AA50E88A35C6816730C /* JamShackAIView.swift in Sources */,
				D8BEDC9D55768CC8B098F320 /* JamShackApp.swift in Sources */,
				A7CF018813E7ECCD396A5717 /* JamShackColorsView.swift in Sources */,
				B1582EDCECFBFA0602F14007 /* JamShackLanguageView.swift in Sources */,
				892E182FD544C97884D7127F /* JamShackMIDIView.swift in Sources */,
				79498A536C73583601D2FF24 /* LiveTabContent.swift in Sources */,
				BD79DC8327370EA3AB8DDC46 /* MicrophoneControlsView.swift in Sources */,
				435AFCF4AFA68F67605F8AE1 /* MicrophoneTabContent.swift in Sources */,
				D963AFE30B258372652154F0 /* MicrophoneWindow.swift in Sources */,
				F4AF6C0D9D4B12C51E57ADDC /* ModeLibraryView.swift in Sources */,
				00A73F7017BCEC745DF7A754 /* NotationStyleSettingsView.swift in Sources */,
				750CC9F9D1A1A0F79D3219FE /* PaletteEditorView.swift in Sources */,
				555D9CC774486846D6BFE0B0 /* PiecesFileView.swift in Sources */,
				3C05FE05BFF6CFA16E5225D0 /* PiecesPlayView.swift in Sources */,
				E4741CC44CDC1C3A7E6701C8 /* PiecesView.swift in Sources */,
				F386C7B3E174F8629694C909 /* PlainDataDocument.swift in Sources */,
				DD7A83AB76208132AF099757 /* PlaybackControlButton.swift in Sources */,
				860641F5E9BAE819CFB09341 /* ProgressionLibraryView.swift in Sources */,
				6F6F3563C88A5DB8BF1E0F2C /* RecordingDetailView.swift in Sources */,
				897A61210AEA4F7FDEE6D699 /* RecordingFileView.swift in Sources */,
				26A9D19DCB6370F62CC03F1E /* RecordingsView.swift in Sources */,
				3D11A2463C903C824EA09722 /* RemoteNotificationDelegate.swift in Sources */,
				62F157F6672853E2BFB8A319 /* RunScreenWindow.swift in Sources */,
				54D2A5A995B5684276AF29E8 /* SceneFileView.swift in Sources */,
				3B9243B29A433229B6D11F53 /* SceneLayoutView.swift in Sources */,
				61E4B13B810932EB21795EA9 /* SceneLayoutWindow.swift in Sources */,
				691A300ACB4B2C5E361937B8 /* SceneManagementView.swift in Sources */,
				9E9451535AD8DD856C8343A8 /* ServerControlsView.swift in Sources */,
				3A8E64861B3EE2B4FE083D76 /* SessionGatedView.swift in Sources */,
				74693A376E88C5953E4BFF1E /* SoundFontCatalogCreditsView.swift in Sources */,
				CE4A31D9E5B7D74C417FE4B5 /* SoundFontCatalogDetailView.swift in Sources */,
				45555DC7EAA4CA242F011BB0 /* SoundFontCatalogView.swift in Sources */,
				AE6CFDC12A0DF228AA95FB75 /* SoundFontInfoSheet.swift in Sources */,
				2D13B5EA627E6BFF11E9E50F /* SoundLibraryView.swift in Sources */,
				C691C1B6EB044778674B03E2 /* SoundStorageView.swift in Sources */,
				DB9FF12C667F6A75C419374B /* SoundTestModeController.swift in Sources */,
				9D45B86BF5CD2F41EA2CF0E4 /* SoundsView.swift in Sources */,
				0FF02BA6AF1BD8ADD71D6D3B /* StorageUsageBar.swift in Sources */,
				BA654EBBF11EDEDC04755933 /* TestModeColumn.swift in Sources */,
				2A007CE84B97DCB9445E0B67 /* TheoryTabContent.swift in Sources */,
				A5F11120F7CBB8AC967F3936 /* TheoryView.swift in Sources */,
				D0123CEFB4285A2713AC5576 /* TheoryWindow.swift in Sources */,
				DC443C26D8BCA51941DD7E85 /* TrackChannelLabel.swift in Sources */,
			);
			runOnlyForDeploymentPostprocessing = 0;
		};
		55D1154F87AF783D70706EEB /* Sources */ = {
			isa = PBXSourcesBuildPhase;
			buildActionMask = 2147483647;
			files = (
				1B11AC337EE28D19A172776C /* AppModel.swift in Sources */,
				A725173846870B29761E5981 /* ChordLibraryView.swift in Sources */,
				FFE1363E4282F31709E33482 /* ColorHex.swift in Sources */,
				F033530298630608FBC8D452 /* CompositionComposerView.swift in Sources */,
				87ADB9547777D950541A8943 /* CompositionFileView.swift in Sources */,
				A3AD3F2094069C0A4256BDC8 /* CompositionView.swift in Sources */,
				E6F4D058A195A5F627E41397 /* ComputerKeyboardWindow.swift in Sources */,
				565F0AD0D4439E562FFECF4F /* ContentView.swift in Sources */,
				F7BD4C2C9E608E13889B5FF5 /* FavoriteSoundsView.swift in Sources */,
				2697496573116390CEDCD939 /* FileDisplayName.swift in Sources */,
				502F86EA7E61395F1407D160 /* GameCenterCoordinator.swift in Sources */,
				4C043C2C57524919E87375D2 /* GuideConfigurationView.swift in Sources */,
				81A9DF4DEF87ABCF374B5812 /* GuideDescriptionView.swift in Sources */,
				C716A5DC69D121C276897938 /* GuideEditionView.swift in Sources */,
				F297229E6AB3F58B8CC2C566 /* GuideFileView.swift in Sources */,
				0D0BCF53627C4D85D9E30A54 /* GuideLectureView.swift in Sources */,
				728E39212CDC92AB940D8875 /* GuideLectureWindow.swift in Sources */,
				0EE109635C4ED7522CB6F528 /* GuidePlayIndicationRow.swift in Sources */,
				1AB02A5A72BD4D7D84652261 /* GuideStepsSection.swift in Sources */,
				00E5EF6FB05246A3A709AE8E /* GuideView.swift in Sources */,
				C33A55FBA8141B020899B27F /* IconAssignmentButton.swift in Sources */,
				6743E9D3C12B1E174E105531 /* JamSessionView.swift in Sources */,
				73DEDCF39E174C027B97D07A /* JamShackAIView.swift in Sources */,
				DE4436B33AD885B08B6E0E84 /* JamShackApp.swift in Sources */,
				89FA5DA51B57871082FEFA6D /* JamShackColorsView.swift in Sources */,
				60CEB1142DD1D191145837E6 /* JamShackLanguageView.swift in Sources */,
				4EEAA109475539B7C1E920E4 /* JamShackMIDIView.swift in Sources */,
				7C364CDDB614F70FD1A0D86D /* LiveTabContent.swift in Sources */,
				5E6F9AC439CDE09175FD0C3B /* MicrophoneControlsView.swift in Sources */,
				CB2477B318E004B6DF438282 /* MicrophoneTabContent.swift in Sources */,
				179468A1F72F80E2DF6069DC /* MicrophoneWindow.swift in Sources */,
				56EEDD2380EA0F70E184B249 /* ModeLibraryView.swift in Sources */,
				F11E0AB4F55351FC8DA23065 /* NotationStyleSettingsView.swift in Sources */,
				AE9F39EB072B95572BAAB60C /* PaletteEditorView.swift in Sources */,
				12B769366D7FED7F404F8EF2 /* PiecesFileView.swift in Sources */,
				B3BEFD433A0B1B32F423302A /* PiecesPlayView.swift in Sources */,
				5E26D90A74444A5D8BB4504E /* PiecesView.swift in Sources */,
				38F537A45F6133BAC6560CE5 /* PlainDataDocument.swift in Sources */,
				59C2A00572CF722DEE6994C6 /* PlaybackControlButton.swift in Sources */,
				03434124F882655EA74ED88D /* ProgressionLibraryView.swift in Sources */,
				5B96313EFB77310851F02CD7 /* RecordingDetailView.swift in Sources */,
				7A5A34186E7782C4BB0A0B56 /* RecordingFileView.swift in Sources */,
				1D60040DDEDC4055CB2542BA /* RecordingsView.swift in Sources */,
				229D85BA441B10CCDA617FD6 /* RemoteNotificationDelegate.swift in Sources */,
				967E3BFE3151EDEE780BDE11 /* RunScreenWindow.swift in Sources */,
				A42BBCF8F1E99FA7A334C4CF /* SceneFileView.swift in Sources */,
				35B050C640C7B52F29632BD7 /* SceneLayoutView.swift in Sources */,
				27088ED9B3B1558DDF61DCC2 /* SceneLayoutWindow.swift in Sources */,
				F6A508097CA52946658B6950 /* SceneManagementView.swift in Sources */,
				BAB1C701AC9506CD9EF781D7 /* ServerControlsView.swift in Sources */,
				69FB537F37951DBF4B01AA97 /* SessionGatedView.swift in Sources */,
				10B966ABBC65D156B870F7CD /* SoundFontCatalogCreditsView.swift in Sources */,
				9BDF72DB33B47E5C26350F59 /* SoundFontCatalogDetailView.swift in Sources */,
				665079528B7FF62A0F75A0B2 /* SoundFontCatalogView.swift in Sources */,
				88EC7924F45626F0B0C0D401 /* SoundFontInfoSheet.swift in Sources */,
				7EC3D4EACC4549DADAB8ED11 /* SoundLibraryView.swift in Sources */,
				DB253B1417DFC2F37611A328 /* SoundStorageView.swift in Sources */,
				4C3E963ECFF498DE02B0AD4F /* SoundTestModeController.swift in Sources */,
				34D898F93E23EC88710EAE78 /* SoundsView.swift in Sources */,
				7C8B21AB5A6FDA2FA2E6BED5 /* StorageUsageBar.swift in Sources */,
				9893DFDD8C95E0DA8FBB0207 /* TestModeColumn.swift in Sources */,
				ECB2191BCF20315A866F0F59 /* TheoryTabContent.swift in Sources */,
				242FAD710C6EC42A80162A7C /* TheoryView.swift in Sources */,
				9E19FE61FA38DA28F8DD1F3B /* TheoryWindow.swift in Sources */,
				D1A542BC7D7E156E0F21685F /* TrackChannelLabel.swift in Sources */,
			);
			runOnlyForDeploymentPostprocessing = 0;
		};
/* End PBXSourcesBuildPhase section */

/* Begin XCBuildConfiguration section */
		09D9F7564927A7CB7BE030FB /* Debug */ = {
			isa = XCBuildConfiguration;
			buildSettings = {
				ASSETCATALOG_COMPILER_APPICON_NAME = AppIcon;
				CODE_SIGN_ENTITLEMENTS = Generated/JamShackApp.entitlements;
				"CODE_SIGN_IDENTITY[sdk=iphoneos*]" = "iPhone Developer";
				"CODE_SIGN_IDENTITY[sdk=macosx*]" = "Apple Development";
				"CODE_SIGN_STYLE[sdk=macosx*]" = Automatic;
				COMBINE_HIDPI_IMAGES = YES;
				CURRENT_PROJECT_VERSION = 1;
				DEVELOPMENT_TEAM = T2L9QQQ4PL;
				ENABLE_HARDENED_RUNTIME = YES;
				INFOPLIST_FILE = Generated/Info.plist;
				LD_RUNPATH_SEARCH_PATHS = (
					"$(inherited)",
					"@executable_path/../Frameworks",
				);
				MARKETING_VERSION = 1.1;
				PRODUCT_BUNDLE_IDENTIFIER = "com.jamshack.JamShackApp-macOS";
				PRODUCT_NAME = JamShackApp;
				SDKROOT = macosx;
				SWIFT_VERSION = 6.0;
			};
			name = Debug;
		};
		32580B149942A5385773231F /* Debug */ = {
			isa = XCBuildConfiguration;
			buildSettings = {
				ASSETCATALOG_COMPILER_APPICON_NAME = AppIcon;
				CODE_SIGN_ENTITLEMENTS = Generated/JamShackApp.entitlements;
				CODE_SIGN_IDENTITY = "iPhone Developer";
				"CODE_SIGN_IDENTITY[sdk=iphoneos*]" = "iPhone Developer";
				"CODE_SIGN_IDENTITY[sdk=macosx*]" = "Apple Development";
				"CODE_SIGN_STYLE[sdk=macosx*]" = Automatic;
				CURRENT_PROJECT_VERSION = 1;
				DEVELOPMENT_TEAM = T2L9QQQ4PL;
				ENABLE_HARDENED_RUNTIME = YES;
				INFOPLIST_FILE = Generated/Info.plist;
				LD_RUNPATH_SEARCH_PATHS = (
					"$(inherited)",
					"@executable_path/Frameworks",
				);
				MARKETING_VERSION = 1.1;
				PRODUCT_BUNDLE_IDENTIFIER = "com.jamshack.JamShackApp-iOS";
				PRODUCT_NAME = JamShackApp;
				SDKROOT = iphoneos;
				SWIFT_VERSION = 6.0;
				TARGETED_DEVICE_FAMILY = "1,2";
			};
			name = Debug;
		};
		4D06829788FCB297AB2C9846 /* Debug */ = {
			isa = XCBuildConfiguration;
			buildSettings = {
				ASSETCATALOG_COMPILER_APPICON_NAME = AppIcon;
				CODE_SIGN_ENTITLEMENTS = Generated/JamShackApp.entitlements;
				"CODE_SIGN_IDENTITY[sdk=iphoneos*]" = "iPhone Developer";
				"CODE_SIGN_IDENTITY[sdk=macosx*]" = "Apple Development";
				"CODE_SIGN_STYLE[sdk=macosx*]" = Automatic;
				CURRENT_PROJECT_VERSION = 1;
				DEVELOPMENT_TEAM = T2L9QQQ4PL;
				ENABLE_HARDENED_RUNTIME = YES;
				INFOPLIST_FILE = Generated/Info.plist;
				LD_RUNPATH_SEARCH_PATHS = (
					"$(inherited)",
					"@executable_path/Frameworks",
				);
				MARKETING_VERSION = 1.1;
				PRODUCT_BUNDLE_IDENTIFIER = "com.jamshack.JamShackApp-visionOS";
				PRODUCT_NAME = JamShackApp;
				SDKROOT = xros;
				SWIFT_VERSION = 6.0;
				TARGETED_DEVICE_FAMILY = 7;
			};
			name = Debug;
		};
		7787480AABB9BF2A358900C1 /* Release */ = {
			isa = XCBuildConfiguration;
			buildSettings = {
				ASSETCATALOG_COMPILER_APPICON_NAME = AppIcon;
				CODE_SIGN_ENTITLEMENTS = Generated/JamShackApp.entitlements;
				CODE_SIGN_IDENTITY = "iPhone Developer";
				"CODE_SIGN_IDENTITY[sdk=iphoneos*]" = "iPhone Developer";
				"CODE_SIGN_IDENTITY[sdk=macosx*]" = "Apple Development";
				"CODE_SIGN_STYLE[sdk=macosx*]" = Automatic;
				CURRENT_PROJECT_VERSION = 1;
				DEVELOPMENT_TEAM = T2L9QQQ4PL;
				ENABLE_HARDENED_RUNTIME = YES;
				INFOPLIST_FILE = Generated/Info.plist;
				LD_RUNPATH_SEARCH_PATHS = (
					"$(inherited)",
					"@executable_path/Frameworks",
				);
				MARKETING_VERSION = 1.1;
				PRODUCT_BUNDLE_IDENTIFIER = "com.jamshack.JamShackApp-iOS";
				PRODUCT_NAME = JamShackApp;
				SDKROOT = iphoneos;
				SWIFT_VERSION = 6.0;
				TARGETED_DEVICE_FAMILY = "1,2";
			};
			name = Release;
		};
		8D73EBE097BACC95389B0283 /* Release */ = {
			isa = XCBuildConfiguration;
			buildSettings = {
				ASSETCATALOG_COMPILER_APPICON_NAME = AppIcon;
				CODE_SIGN_ENTITLEMENTS = Generated/JamShackApp.entitlements;
				"CODE_SIGN_IDENTITY[sdk=iphoneos*]" = "iPhone Developer";
				"CODE_SIGN_IDENTITY[sdk=macosx*]" = "Apple Development";
				"CODE_SIGN_STYLE[sdk=macosx*]" = Automatic;
				CURRENT_PROJECT_VERSION = 1;
				DEVELOPMENT_TEAM = T2L9QQQ4PL;
				ENABLE_HARDENED_RUNTIME = YES;
				INFOPLIST_FILE = Generated/Info.plist;
				LD_RUNPATH_SEARCH_PATHS = (
					"$(inherited)",
					"@executable_path/Frameworks",
				);
				MARKETING_VERSION = 1.1;
				PRODUCT_BUNDLE_IDENTIFIER = "com.jamshack.JamShackApp-visionOS";
				PRODUCT_NAME = JamShackApp;
				SDKROOT = xros;
				SWIFT_VERSION = 6.0;
				TARGETED_DEVICE_FAMILY = 7;
			};
			name = Release;
		};
		A612ADE50C9898B064DBAE09 /* Debug */ = {
			isa = XCBuildConfiguration;
			buildSettings = {
				ALWAYS_SEARCH_USER_PATHS = NO;
				CLANG_ANALYZER_NONNULL = YES;
				CLANG_ANALYZER_NUMBER_OBJECT_CONVERSION = YES_AGGRESSIVE;
				CLANG_CXX_LANGUAGE_STANDARD = "gnu++14";
				CLANG_CXX_LIBRARY = "libc++";
				CLANG_ENABLE_MODULES = YES;
				CLANG_ENABLE_OBJC_ARC = YES;
				CLANG_ENABLE_OBJC_WEAK = YES;
				CLANG_WARN_BLOCK_CAPTURE_AUTORELEASING = YES;
				CLANG_WARN_BOOL_CONVERSION = YES;
				CLANG_WARN_COMMA = YES;
				CLANG_WARN_CONSTANT_CONVERSION = YES;
				CLANG_WARN_DEPRECATED_OBJC_IMPLEMENTATIONS = YES;
				CLANG_WARN_DIRECT_OBJC_ISA_USAGE = YES_ERROR;
				CLANG_WARN_DOCUMENTATION_COMMENTS = YES;
				CLANG_WARN_EMPTY_BODY = YES;
				CLANG_WARN_ENUM_CONVERSION = YES;
				CLANG_WARN_INFINITE_RECURSION = YES;
				CLANG_WARN_INT_CONVERSION = YES;
				CLANG_WARN_NON_LITERAL_NULL_CONVERSION = YES;
				CLANG_WARN_OBJC_IMPLICIT_RETAIN_SELF = YES;
				CLANG_WARN_OBJC_LITERAL_CONVERSION = YES;
				CLANG_WARN_OBJC_ROOT_CLASS = YES_ERROR;
				CLANG_WARN_QUOTED_INCLUDE_IN_FRAMEWORK_HEADER = YES;
				CLANG_WARN_RANGE_LOOP_ANALYSIS = YES;
				CLANG_WARN_STRICT_PROTOTYPES = YES;
				CLANG_WARN_SUSPICIOUS_MOVE = YES;
				CLANG_WARN_UNGUARDED_AVAILABILITY = YES_AGGRESSIVE;
				CLANG_WARN_UNREACHABLE_CODE = YES;
				CLANG_WARN__DUPLICATE_METHOD_MATCH = YES;
				COPY_PHASE_STRIP = NO;
				DEBUG_INFORMATION_FORMAT = dwarf;
				ENABLE_STRICT_OBJC_MSGSEND = YES;
				ENABLE_TESTABILITY = YES;
				GCC_C_LANGUAGE_STANDARD = gnu11;
				GCC_DYNAMIC_NO_PIC = NO;
				GCC_NO_COMMON_BLOCKS = YES;
				GCC_OPTIMIZATION_LEVEL = 0;
				GCC_PREPROCESSOR_DEFINITIONS = (
					"$(inherited)",
					"DEBUG=1",
				);
				GCC_WARN_64_TO_32_BIT_CONVERSION = YES;
				GCC_WARN_ABOUT_RETURN_TYPE = YES_ERROR;
				GCC_WARN_UNDECLARED_SELECTOR = YES;
				GCC_WARN_UNINITIALIZED_AUTOS = YES_AGGRESSIVE;
				GCC_WARN_UNUSED_FUNCTION = YES;
				GCC_WARN_UNUSED_VARIABLE = YES;
				IPHONEOS_DEPLOYMENT_TARGET = 18.0;
				MACOSX_DEPLOYMENT_TARGET = 15.0;
				MTL_ENABLE_DEBUG_INFO = INCLUDE_SOURCE;
				MTL_FAST_MATH = YES;
				ONLY_ACTIVE_ARCH = YES;
				PRODUCT_NAME = "$(TARGET_NAME)";
				SWIFT_ACTIVE_COMPILATION_CONDITIONS = DEBUG;
				SWIFT_OPTIMIZATION_LEVEL = "-Onone";
				SWIFT_VERSION = 5.0;
				XROS_DEPLOYMENT_TARGET = 2.0;
			};
			name = Debug;
		};
		CD7BAA2FA4F8740C719D6BE5 /* Release */ = {
			isa = XCBuildConfiguration;
			buildSettings = {
				ASSETCATALOG_COMPILER_APPICON_NAME = AppIcon;
				CODE_SIGN_ENTITLEMENTS = Generated/JamShackApp.entitlements;
				"CODE_SIGN_IDENTITY[sdk=iphoneos*]" = "iPhone Developer";
				"CODE_SIGN_IDENTITY[sdk=macosx*]" = "Apple Development";
				"CODE_SIGN_STYLE[sdk=macosx*]" = Automatic;
				COMBINE_HIDPI_IMAGES = YES;
				CURRENT_PROJECT_VERSION = 1;
				DEVELOPMENT_TEAM = T2L9QQQ4PL;
				ENABLE_HARDENED_RUNTIME = YES;
				INFOPLIST_FILE = Generated/Info.plist;
				LD_RUNPATH_SEARCH_PATHS = (
					"$(inherited)",
					"@executable_path/../Frameworks",
				);
				MARKETING_VERSION = 1.1;
				PRODUCT_BUNDLE_IDENTIFIER = "com.jamshack.JamShackApp-macOS";
				PRODUCT_NAME = JamShackApp;
				SDKROOT = macosx;
				SWIFT_VERSION = 6.0;
			};
			name = Release;
		};
		F1D69E114B651D7BC43B0844 /* Release */ = {
			isa = XCBuildConfiguration;
			buildSettings = {
				ALWAYS_SEARCH_USER_PATHS = NO;
				CLANG_ANALYZER_NONNULL = YES;
				CLANG_ANALYZER_NUMBER_OBJECT_CONVERSION = YES_AGGRESSIVE;
				CLANG_CXX_LANGUAGE_STANDARD = "gnu++14";
				CLANG_CXX_LIBRARY = "libc++";
				CLANG_ENABLE_MODULES = YES;
				CLANG_ENABLE_OBJC_ARC = YES;
				CLANG_ENABLE_OBJC_WEAK = YES;
				CLANG_WARN_BLOCK_CAPTURE_AUTORELEASING = YES;
				CLANG_WARN_BOOL_CONVERSION = YES;
				CLANG_WARN_COMMA = YES;
				CLANG_WARN_CONSTANT_CONVERSION = YES;
				CLANG_WARN_DEPRECATED_OBJC_IMPLEMENTATIONS = YES;
				CLANG_WARN_DIRECT_OBJC_ISA_USAGE = YES_ERROR;
				CLANG_WARN_DOCUMENTATION_COMMENTS = YES;
				CLANG_WARN_EMPTY_BODY = YES;
				CLANG_WARN_ENUM_CONVERSION = YES;
				CLANG_WARN_INFINITE_RECURSION = YES;
				CLANG_WARN_INT_CONVERSION = YES;
				CLANG_WARN_NON_LITERAL_NULL_CONVERSION = YES;
				CLANG_WARN_OBJC_IMPLICIT_RETAIN_SELF = YES;
				CLANG_WARN_OBJC_LITERAL_CONVERSION = YES;
				CLANG_WARN_OBJC_ROOT_CLASS = YES_ERROR;
				CLANG_WARN_QUOTED_INCLUDE_IN_FRAMEWORK_HEADER = YES;
				CLANG_WARN_RANGE_LOOP_ANALYSIS = YES;
				CLANG_WARN_STRICT_PROTOTYPES = YES;
				CLANG_WARN_SUSPICIOUS_MOVE = YES;
				CLANG_WARN_UNGUARDED_AVAILABILITY = YES_AGGRESSIVE;
				CLANG_WARN_UNREACHABLE_CODE = YES;
				CLANG_WARN__DUPLICATE_METHOD_MATCH = YES;
				COPY_PHASE_STRIP = NO;
				DEBUG_INFORMATION_FORMAT = "dwarf-with-dsym";
				ENABLE_NS_ASSERTIONS = NO;
				ENABLE_STRICT_OBJC_MSGSEND = YES;
				GCC_C_LANGUAGE_STANDARD = gnu11;
				GCC_NO_COMMON_BLOCKS = YES;
				GCC_WARN_64_TO_32_BIT_CONVERSION = YES;
				GCC_WARN_ABOUT_RETURN_TYPE = YES_ERROR;
				GCC_WARN_UNDECLARED_SELECTOR = YES;
				GCC_WARN_UNINITIALIZED_AUTOS = YES_AGGRESSIVE;
				GCC_WARN_UNUSED_FUNCTION = YES;
				GCC_WARN_UNUSED_VARIABLE = YES;
				IPHONEOS_DEPLOYMENT_TARGET = 18.0;
				MACOSX_DEPLOYMENT_TARGET = 15.0;
				MTL_ENABLE_DEBUG_INFO = NO;
				MTL_FAST_MATH = YES;
				PRODUCT_NAME = "$(TARGET_NAME)";
				SWIFT_COMPILATION_MODE = wholemodule;
				SWIFT_OPTIMIZATION_LEVEL = "-O";
				SWIFT_VERSION = 5.0;
				XROS_DEPLOYMENT_TARGET = 2.0;
			};
			name = Release;
		};
/* End XCBuildConfiguration section */

/* Begin XCConfigurationList section */
		183D1973CCA59E8342E855EA /* Build configuration list for PBXNativeTarget "JamShackApp_macOS" */ = {
			isa = XCConfigurationList;
			buildConfigurations = (
				09D9F7564927A7CB7BE030FB /* Debug */,
				CD7BAA2FA4F8740C719D6BE5 /* Release */,
			);
			defaultConfigurationIsVisible = 0;
			defaultConfigurationName = Debug;
		};
		1C55C5455BC1FE3915FA586C /* Build configuration list for PBXNativeTarget "JamShackApp_iOS" */ = {
			isa = XCConfigurationList;
			buildConfigurations = (
				32580B149942A5385773231F /* Debug */,
				7787480AABB9BF2A358900C1 /* Release */,
			);
			defaultConfigurationIsVisible = 0;
			defaultConfigurationName = Debug;
		};
		71EABA9A79435D9019306CD6 /* Build configuration list for PBXProject "JamShackApp" */ = {
			isa = XCConfigurationList;
			buildConfigurations = (
				A612ADE50C9898B064DBAE09 /* Debug */,
				F1D69E114B651D7BC43B0844 /* Release */,
			);
			defaultConfigurationIsVisible = 0;
			defaultConfigurationName = Debug;
		};
		9ABA4C9F48F0B1EDF0D7F758 /* Build configuration list for PBXNativeTarget "JamShackApp_visionOS" */ = {
			isa = XCConfigurationList;
			buildConfigurations = (
				4D06829788FCB297AB2C9846 /* Debug */,
				8D73EBE097BACC95389B0283 /* Release */,
			);
			defaultConfigurationIsVisible = 0;
			defaultConfigurationName = Debug;
		};
/* End XCConfigurationList section */

/* Begin XCLocalSwiftPackageReference section */
		34C46DF813380652240AF358 /* XCLocalSwiftPackageReference ".." */ = {
			isa = XCLocalSwiftPackageReference;
			relativePath = ..;
		};
/* End XCLocalSwiftPackageReference section */

/* Begin XCSwiftPackageProductDependency section */
		157EBDB7071C5CB8E9074D52 /* JamShackUI */ = {
			isa = XCSwiftPackageProductDependency;
			productName = JamShackUI;
		};
		263D3476D6FAF10646944B01 /* Localization */ = {
			isa = XCSwiftPackageProductDependency;
			productName = Localization;
		};
		3A5A8CA68CCCCAA28A365476 /* JamShackUI */ = {
			isa = XCSwiftPackageProductDependency;
			productName = JamShackUI;
		};
		3DDF4439EA9C3C2E97C49190 /* AppCore */ = {
			isa = XCSwiftPackageProductDependency;
			productName = AppCore;
		};
		48309128F31160FB3C0EDB77 /* Localization */ = {
			isa = XCSwiftPackageProductDependency;
			productName = Localization;
		};
		69847B491F4CE42354F05B6F /* AppCore */ = {
			isa = XCSwiftPackageProductDependency;
			productName = AppCore;
		};
		87F816FA700F02A4EAC0B7EC /* JamShackUI */ = {
			isa = XCSwiftPackageProductDependency;
			productName = JamShackUI;
		};
		E01C405FDA95346DCCD5782F /* Localization */ = {
			isa = XCSwiftPackageProductDependency;
			productName = Localization;
		};
		FAA934C8A384EC61D40B89BF /* AppCore */ = {
			isa = XCSwiftPackageProductDependency;
			productName = AppCore;
		};
/* End XCSwiftPackageProductDependency section */
	};
	rootObject = 5C69DDDF674F41E6050001DA /* Project object */;
}
